// !$*UTF8*$!
{
	archiveVersion = 1;
	classes = {
	};
	objectVersion = 55;
	objects = {

/* Begin PBXBuildFile section */
		01268B132827EF31007821E8 /* PhotoCell.swift in Sources */ = {isa = PBXBuildFile; fileRef = 01268B122827EF31007821E8 /* PhotoCell.swift */; };
		0132BAF52820C62E00E7A81A /* DetailViewController.swift in Sources */ = {isa = PBXBuildFile; fileRef = 0132BAF42820C62E00E7A81A /* DetailViewController.swift */; };
		0132BAF72820D34000E7A81A /* Topic.swift in Sources */ = {isa = PBXBuildFile; fileRef = 0132BAF62820D34000E7A81A /* Topic.swift */; };
		0132BAF92820F69400E7A81A /* TopicCell.swift in Sources */ = {isa = PBXBuildFile; fileRef = 0132BAF82820F69400E7A81A /* TopicCell.swift */; };
		015C93B12835EBFD009F2498 /* PhotoDetailCell.swift in Sources */ = {isa = PBXBuildFile; fileRef = 015C93B02835EBFD009F2498 /* PhotoDetailCell.swift */; };
		015C93B32835ECCF009F2498 /* PhotoDetailCell.xib in Resources */ = {isa = PBXBuildFile; fileRef = 015C93B22835ECCF009F2498 /* PhotoDetailCell.xib */; };
		016561D5282CECC100437475 /* DataRequestable.swift in Sources */ = {isa = PBXBuildFile; fileRef = 016561D4282CECC100437475 /* DataRequestable.swift */; };
		016561D7282CEFDA00437475 /* NetworkService.swift in Sources */ = {isa = PBXBuildFile; fileRef = 016561D6282CEFDA00437475 /* NetworkService.swift */; };
		016561DB282CF64300437475 /* TopicPhotoRequest.swift in Sources */ = {isa = PBXBuildFile; fileRef = 016561DA282CF64300437475 /* TopicPhotoRequest.swift */; };
		016561DD282CFFB600437475 /* HomeViewModel.swift in Sources */ = {isa = PBXBuildFile; fileRef = 016561DC282CFFB600437475 /* HomeViewModel.swift */; };
		016561E5282F385300437475 /* DefaultTopicPhotoRepository.swift in Sources */ = {isa = PBXBuildFile; fileRef = 016561E4282F385300437475 /* DefaultTopicPhotoRepository.swift */; };
		016561E8282F3A8500437475 /* TopicPhotoRepository.swift in Sources */ = {isa = PBXBuildFile; fileRef = 016561E7282F3A8500437475 /* TopicPhotoRepository.swift */; };
		016561EA282F3D3E00437475 /* TopicPhotoUseCase.swift in Sources */ = {isa = PBXBuildFile; fileRef = 016561E9282F3D3E00437475 /* TopicPhotoUseCase.swift */; };
		016561ED282F3DB600437475 /* DefaultTopicPhotoUseCase.swift in Sources */ = {isa = PBXBuildFile; fileRef = 016561EC282F3DB600437475 /* DefaultTopicPhotoUseCase.swift */; };
		016561F2282F516D00437475 /* ImageOperation.swift in Sources */ = {isa = PBXBuildFile; fileRef = 016561EF282F516C00437475 /* ImageOperation.swift */; };
		016561F3282F516D00437475 /* PhotoLoader.swift in Sources */ = {isa = PBXBuildFile; fileRef = 016561F0282F516D00437475 /* PhotoLoader.swift */; };
		016561F4282F516D00437475 /* ImageCacheManager.swift in Sources */ = {isa = PBXBuildFile; fileRef = 016561F1282F516D00437475 /* ImageCacheManager.swift */; };
		016561F7282F517900437475 /* UIImageView+Extension.swift in Sources */ = {isa = PBXBuildFile; fileRef = 016561F5282F517900437475 /* UIImageView+Extension.swift */; };
		016561F8282F517900437475 /* AsyncOperation.swift in Sources */ = {isa = PBXBuildFile; fileRef = 016561F6282F517900437475 /* AsyncOperation.swift */; };
		0194CD2428221CE40006470D /* Photo.swift in Sources */ = {isa = PBXBuildFile; fileRef = 0194CD2328221CE40006470D /* Photo.swift */; };
		01C70DC52832005B00185DF0 /* PhotoCell.xib in Resources */ = {isa = PBXBuildFile; fileRef = 01C70DC42832005B00185DF0 /* PhotoCell.xib */; };
		01C70DC7283345D800185DF0 /* SearchViewModel.swift in Sources */ = {isa = PBXBuildFile; fileRef = 01C70DC6283345D800185DF0 /* SearchViewModel.swift */; };
		01C70DC92833485500185DF0 /* SearchPhotoUseCase.swift in Sources */ = {isa = PBXBuildFile; fileRef = 01C70DC82833485500185DF0 /* SearchPhotoUseCase.swift */; };
		01C70DCB283348AF00185DF0 /* DefaultSearchPhotoUseCase.swift in Sources */ = {isa = PBXBuildFile; fileRef = 01C70DCA283348AF00185DF0 /* DefaultSearchPhotoUseCase.swift */; };
		01C70DCD283348CA00185DF0 /* SearchPhotoRepository.swift in Sources */ = {isa = PBXBuildFile; fileRef = 01C70DCC283348CA00185DF0 /* SearchPhotoRepository.swift */; };
		01C70DCF283348F700185DF0 /* DefaultSearchPhotoRepository.swift in Sources */ = {isa = PBXBuildFile; fileRef = 01C70DCE283348F700185DF0 /* DefaultSearchPhotoRepository.swift */; };
		01C70DD128334D0E00185DF0 /* SearchPhotoRequest.swift in Sources */ = {isa = PBXBuildFile; fileRef = 01C70DD028334D0E00185DF0 /* SearchPhotoRequest.swift */; };
		01C70DD32833849100185DF0 /* SearchResult.swift in Sources */ = {isa = PBXBuildFile; fileRef = 01C70DD22833849100185DF0 /* SearchResult.swift */; };
		01D9D2C3281F71C400E308D4 /* AppDelegate.swift in Sources */ = {isa = PBXBuildFile; fileRef = 01D9D2C2281F71C400E308D4 /* AppDelegate.swift */; };
		01D9D2C5281F71C400E308D4 /* SceneDelegate.swift in Sources */ = {isa = PBXBuildFile; fileRef = 01D9D2C4281F71C400E308D4 /* SceneDelegate.swift */; };
		01D9D2CC281F71C700E308D4 /* Assets.xcassets in Resources */ = {isa = PBXBuildFile; fileRef = 01D9D2CB281F71C700E308D4 /* Assets.xcassets */; };
		01D9D2CF281F71C700E308D4 /* LaunchScreen.storyboard in Resources */ = {isa = PBXBuildFile; fileRef = 01D9D2CD281F71C700E308D4 /* LaunchScreen.storyboard */; };
		01D9D2D7281F7A4F00E308D4 /* MainTabController.swift in Sources */ = {isa = PBXBuildFile; fileRef = 01D9D2D6281F7A4F00E308D4 /* MainTabController.swift */; };
		01D9D2D9281F7B1500E308D4 /* HomeViewController.swift in Sources */ = {isa = PBXBuildFile; fileRef = 01D9D2D8281F7B1500E308D4 /* HomeViewController.swift */; };
		01D9D2DB281F7B1B00E308D4 /* SearchViewController.swift in Sources */ = {isa = PBXBuildFile; fileRef = 01D9D2DA281F7B1B00E308D4 /* SearchViewController.swift */; };
/* End PBXBuildFile section */

/* Begin PBXFileReference section */
		01268B122827EF31007821E8 /* PhotoCell.swift */ = {isa = PBXFileReference; lastKnownFileType = sourcecode.swift; path = PhotoCell.swift; sourceTree = "<group>"; };
		0132BAF42820C62E00E7A81A /* DetailViewController.swift */ = {isa = PBXFileReference; lastKnownFileType = sourcecode.swift; path = DetailViewController.swift; sourceTree = "<group>"; };
		0132BAF62820D34000E7A81A /* Topic.swift */ = {isa = PBXFileReference; lastKnownFileType = sourcecode.swift; path = Topic.swift; sourceTree = "<group>"; };
		0132BAF82820F69400E7A81A /* TopicCell.swift */ = {isa = PBXFileReference; lastKnownFileType = sourcecode.swift; path = TopicCell.swift; sourceTree = "<group>"; };
		015C93B02835EBFD009F2498 /* PhotoDetailCell.swift */ = {isa = PBXFileReference; lastKnownFileType = sourcecode.swift; path = PhotoDetailCell.swift; sourceTree = "<group>"; };
		015C93B22835ECCF009F2498 /* PhotoDetailCell.xib */ = {isa = PBXFileReference; lastKnownFileType = file.xib; path = PhotoDetailCell.xib; sourceTree = "<group>"; };
		016561D4282CECC100437475 /* DataRequestable.swift */ = {isa = PBXFileReference; lastKnownFileType = sourcecode.swift; path = DataRequestable.swift; sourceTree = "<group>"; };
		016561D6282CEFDA00437475 /* NetworkService.swift */ = {isa = PBXFileReference; lastKnownFileType = sourcecode.swift; path = NetworkService.swift; sourceTree = "<group>"; };
		016561DA282CF64300437475 /* TopicPhotoRequest.swift */ = {isa = PBXFileReference; lastKnownFileType = sourcecode.swift; path = TopicPhotoRequest.swift; sourceTree = "<group>"; };
		016561DC282CFFB600437475 /* HomeViewModel.swift */ = {isa = PBXFileReference; lastKnownFileType = sourcecode.swift; path = HomeViewModel.swift; sourceTree = "<group>"; };
		016561E4282F385300437475 /* DefaultTopicPhotoRepository.swift */ = {isa = PBXFileReference; lastKnownFileType = sourcecode.swift; path = DefaultTopicPhotoRepository.swift; sourceTree = "<group>"; };
		016561E7282F3A8500437475 /* TopicPhotoRepository.swift */ = {isa = PBXFileReference; lastKnownFileType = sourcecode.swift; path = TopicPhotoRepository.swift; sourceTree = "<group>"; };
		016561E9282F3D3E00437475 /* TopicPhotoUseCase.swift */ = {isa = PBXFileReference; lastKnownFileType = sourcecode.swift; path = TopicPhotoUseCase.swift; sourceTree = "<group>"; };
		016561EC282F3DB600437475 /* DefaultTopicPhotoUseCase.swift */ = {isa = PBXFileReference; lastKnownFileType = sourcecode.swift; path = DefaultTopicPhotoUseCase.swift; sourceTree = "<group>"; };
		016561EF282F516C00437475 /* ImageOperation.swift */ = {isa = PBXFileReference; fileEncoding = 4; lastKnownFileType = sourcecode.swift; path = ImageOperation.swift; sourceTree = "<group>"; };
		016561F0282F516D00437475 /* PhotoLoader.swift */ = {isa = PBXFileReference; fileEncoding = 4; lastKnownFileType = sourcecode.swift; path = PhotoLoader.swift; sourceTree = "<group>"; };
		016561F1282F516D00437475 /* ImageCacheManager.swift */ = {isa = PBXFileReference; fileEncoding = 4; lastKnownFileType = sourcecode.swift; path = ImageCacheManager.swift; sourceTree = "<group>"; };
		016561F5282F517900437475 /* UIImageView+Extension.swift */ = {isa = PBXFileReference; fileEncoding = 4; lastKnownFileType = sourcecode.swift; path = "UIImageView+Extension.swift"; sourceTree = "<group>"; };
		016561F6282F517900437475 /* AsyncOperation.swift */ = {isa = PBXFileReference; fileEncoding = 4; lastKnownFileType = sourcecode.swift; path = AsyncOperation.swift; sourceTree = "<group>"; };
		0194CD2328221CE40006470D /* Photo.swift */ = {isa = PBXFileReference; lastKnownFileType = sourcecode.swift; path = Photo.swift; sourceTree = "<group>"; };
		01C70DC42832005B00185DF0 /* PhotoCell.xib */ = {isa = PBXFileReference; lastKnownFileType = file.xib; path = PhotoCell.xib; sourceTree = "<group>"; };
		01C70DC6283345D800185DF0 /* SearchViewModel.swift */ = {isa = PBXFileReference; lastKnownFileType = sourcecode.swift; path = SearchViewModel.swift; sourceTree = "<group>"; };
		01C70DC82833485500185DF0 /* SearchPhotoUseCase.swift */ = {isa = PBXFileReference; lastKnownFileType = sourcecode.swift; path = SearchPhotoUseCase.swift; sourceTree = "<group>"; };
		01C70DCA283348AF00185DF0 /* DefaultSearchPhotoUseCase.swift */ = {isa = PBXFileReference; lastKnownFileType = sourcecode.swift; path = DefaultSearchPhotoUseCase.swift; sourceTree = "<group>"; };
		01C70DCC283348CA00185DF0 /* SearchPhotoRepository.swift */ = {isa = PBXFileReference; lastKnownFileType = sourcecode.swift; path = SearchPhotoRepository.swift; sourceTree = "<group>"; };
		01C70DCE283348F700185DF0 /* DefaultSearchPhotoRepository.swift */ = {isa = PBXFileReference; lastKnownFileType = sourcecode.swift; path = DefaultSearchPhotoRepository.swift; sourceTree = "<group>"; };
		01C70DD028334D0E00185DF0 /* SearchPhotoRequest.swift */ = {isa = PBXFileReference; lastKnownFileType = sourcecode.swift; path = SearchPhotoRequest.swift; sourceTree = "<group>"; };
		01C70DD22833849100185DF0 /* SearchResult.swift */ = {isa = PBXFileReference; lastKnownFileType = sourcecode.swift; path = SearchResult.swift; sourceTree = "<group>"; };
		01D9D2BF281F71C400E308D4 /* Unsplash.app */ = {isa = PBXFileReference; explicitFileType = wrapper.application; includeInIndex = 0; path = Unsplash.app; sourceTree = BUILT_PRODUCTS_DIR; };
		01D9D2C2281F71C400E308D4 /* AppDelegate.swift */ = {isa = PBXFileReference; lastKnownFileType = sourcecode.swift; path = AppDelegate.swift; sourceTree = "<group>"; };
		01D9D2C4281F71C400E308D4 /* SceneDelegate.swift */ = {isa = PBXFileReference; lastKnownFileType = sourcecode.swift; path = SceneDelegate.swift; sourceTree = "<group>"; };
		01D9D2CB281F71C700E308D4 /* Assets.xcassets */ = {isa = PBXFileReference; lastKnownFileType = folder.assetcatalog; path = Assets.xcassets; sourceTree = "<group>"; };
		01D9D2CE281F71C700E308D4 /* Base */ = {isa = PBXFileReference; lastKnownFileType = file.storyboard; name = Base; path = Base.lproj/LaunchScreen.storyboard; sourceTree = "<group>"; };
		01D9D2D0281F71C700E308D4 /* Info.plist */ = {isa = PBXFileReference; lastKnownFileType = text.plist.xml; path = Info.plist; sourceTree = "<group>"; };
		01D9D2D6281F7A4F00E308D4 /* MainTabController.swift */ = {isa = PBXFileReference; lastKnownFileType = sourcecode.swift; path = MainTabController.swift; sourceTree = "<group>"; };
		01D9D2D8281F7B1500E308D4 /* HomeViewController.swift */ = {isa = PBXFileReference; lastKnownFileType = sourcecode.swift; path = HomeViewController.swift; sourceTree = "<group>"; };
		01D9D2DA281F7B1B00E308D4 /* SearchViewController.swift */ = {isa = PBXFileReference; lastKnownFileType = sourcecode.swift; path = SearchViewController.swift; sourceTree = "<group>"; };
/* End PBXFileReference section */

/* Begin PBXFrameworksBuildPhase section */
		01D9D2BC281F71C400E308D4 /* Frameworks */ = {
			isa = PBXFrameworksBuildPhase;
			buildActionMask = 2147483647;
			files = (
			);
			runOnlyForDeploymentPostprocessing = 0;
		};
/* End PBXFrameworksBuildPhase section */

/* Begin PBXGroup section */
		01268B1B28294947007821E8 /* Model */ = {
			isa = PBXGroup;
			children = (
				0132BAF62820D34000E7A81A /* Topic.swift */,
				0194CD2328221CE40006470D /* Photo.swift */,
				01C70DD22833849100185DF0 /* SearchResult.swift */,
			);
			path = Model;
			sourceTree = "<group>";
		};
		0132BAF3281FC09400E7A81A /* Resources */ = {
			isa = PBXGroup;
			children = (
				01D9D2CB281F71C700E308D4 /* Assets.xcassets */,
			);
			path = Resources;
			sourceTree = "<group>";
		};
		016561CB282CDFCD00437475 /* Cell */ = {
			isa = PBXGroup;
			children = (
				0132BAF82820F69400E7A81A /* TopicCell.swift */,
				01268B122827EF31007821E8 /* PhotoCell.swift */,
				01C70DC42832005B00185DF0 /* PhotoCell.xib */,
				015C93B02835EBFD009F2498 /* PhotoDetailCell.swift */,
				015C93B22835ECCF009F2498 /* PhotoDetailCell.xib */,
			);
			path = Cell;
			sourceTree = "<group>";
		};
		016561CC282CE2F600437475 /* Domain */ = {
			isa = PBXGroup;
			children = (
				01268B1B28294947007821E8 /* Model */,
				016561CD282CE30800437475 /* UseCase */,
			);
			path = Domain;
			sourceTree = "<group>";
		};
		016561CD282CE30800437475 /* UseCase */ = {
			isa = PBXGroup;
			children = (
				016561EB282F3D9C00437475 /* Protocol */,
				016561EC282F3DB600437475 /* DefaultTopicPhotoUseCase.swift */,
				01C70DCA283348AF00185DF0 /* DefaultSearchPhotoUseCase.swift */,
			);
			path = UseCase;
			sourceTree = "<group>";
		};
		016561CE282CE7B400437475 /* Application */ = {
			isa = PBXGroup;
			children = (
				01D9D2CD281F71C700E308D4 /* LaunchScreen.storyboard */,
				01D9D2C2281F71C400E308D4 /* AppDelegate.swift */,
				01D9D2C4281F71C400E308D4 /* SceneDelegate.swift */,
			);
			path = Application;
			sourceTree = "<group>";
		};
		016561CF282CE88400437475 /* Network */ = {
			isa = PBXGroup;
			children = (
				016561D4282CECC100437475 /* DataRequestable.swift */,
				016561DA282CF64300437475 /* TopicPhotoRequest.swift */,
				01C70DD028334D0E00185DF0 /* SearchPhotoRequest.swift */,
				016561D6282CEFDA00437475 /* NetworkService.swift */,
			);
			path = Network;
			sourceTree = "<group>";
		};
		016561E2282F380C00437475 /* Data */ = {
			isa = PBXGroup;
			children = (
				016561E3282F384600437475 /* Repository */,
			);
			path = Data;
			sourceTree = "<group>";
		};
		016561E3282F384600437475 /* Repository */ = {
			isa = PBXGroup;
			children = (
				016561E6282F389400437475 /* Protocol */,
				016561E4282F385300437475 /* DefaultTopicPhotoRepository.swift */,
				01C70DCE283348F700185DF0 /* DefaultSearchPhotoRepository.swift */,
			);
			path = Repository;
			sourceTree = "<group>";
		};
		016561E6282F389400437475 /* Protocol */ = {
			isa = PBXGroup;
			children = (
				016561E7282F3A8500437475 /* TopicPhotoRepository.swift */,
				01C70DCC283348CA00185DF0 /* SearchPhotoRepository.swift */,
			);
			path = Protocol;
			sourceTree = "<group>";
		};
		016561EB282F3D9C00437475 /* Protocol */ = {
			isa = PBXGroup;
			children = (
				016561E9282F3D3E00437475 /* TopicPhotoUseCase.swift */,
				01C70DC82833485500185DF0 /* SearchPhotoUseCase.swift */,
			);
			path = Protocol;
			sourceTree = "<group>";
		};
		016561EE282F515900437475 /* Image */ = {
			isa = PBXGroup;
			children = (
				016561F1282F516D00437475 /* ImageCacheManager.swift */,
				016561F6282F517900437475 /* AsyncOperation.swift */,
				016561F5282F517900437475 /* UIImageView+Extension.swift */,
				016561EF282F516C00437475 /* ImageOperation.swift */,
				016561F0282F516D00437475 /* PhotoLoader.swift */,
			);
			path = Image;
			sourceTree = "<group>";
		};
		0194CD332822A5240006470D /* Presentation */ = {
			isa = PBXGroup;
			children = (
				016561CB282CDFCD00437475 /* Cell */,
				01D9D2D6281F7A4F00E308D4 /* MainTabController.swift */,
				01D9D2D8281F7B1500E308D4 /* HomeViewController.swift */,
				016561DC282CFFB600437475 /* HomeViewModel.swift */,
				01D9D2DA281F7B1B00E308D4 /* SearchViewController.swift */,
				01C70DC6283345D800185DF0 /* SearchViewModel.swift */,
				0132BAF42820C62E00E7A81A /* DetailViewController.swift */,
			);
			path = Presentation;
			sourceTree = "<group>";
		};
		01D9D2B6281F71C400E308D4 = {
			isa = PBXGroup;
			children = (
				01D9D2C1281F71C400E308D4 /* Unsplash */,
				01D9D2C0281F71C400E308D4 /* Products */,
			);
			sourceTree = "<group>";
		};
		01D9D2C0281F71C400E308D4 /* Products */ = {
			isa = PBXGroup;
			children = (
				01D9D2BF281F71C400E308D4 /* Unsplash.app */,
			);
			name = Products;
			sourceTree = "<group>";
		};
		01D9D2C1281F71C400E308D4 /* Unsplash */ = {
			isa = PBXGroup;
			children = (
				016561CE282CE7B400437475 /* Application */,
				0132BAF3281FC09400E7A81A /* Resources */,
				016561E2282F380C00437475 /* Data */,
				016561CC282CE2F600437475 /* Domain */,
				0194CD332822A5240006470D /* Presentation */,
				016561CF282CE88400437475 /* Network */,
				01D9D2D0281F71C700E308D4 /* Info.plist */,
				016561EE282F515900437475 /* Image */,
			);
			path = Unsplash;
			sourceTree = "<group>";
		};
/* End PBXGroup section */

/* Begin PBXNativeTarget section */
		01D9D2BE281F71C400E308D4 /* Unsplash */ = {
			isa = PBXNativeTarget;
			buildConfigurationList = 01D9D2D3281F71C700E308D4 /* Build configuration list for PBXNativeTarget "Unsplash" */;
			buildPhases = (
				01D9D2BB281F71C400E308D4 /* Sources */,
				01D9D2BC281F71C400E308D4 /* Frameworks */,
				01D9D2BD281F71C400E308D4 /* Resources */,
			);
			buildRules = (
			);
			dependencies = (
			);
			name = Unsplash;
			productName = Unsplash;
			productReference = 01D9D2BF281F71C400E308D4 /* Unsplash.app */;
			productType = "com.apple.product-type.application";
		};
/* End PBXNativeTarget section */

/* Begin PBXProject section */
		01D9D2B7281F71C400E308D4 /* Project object */ = {
			isa = PBXProject;
			attributes = {
				BuildIndependentTargetsInParallel = 1;
				LastSwiftUpdateCheck = 1330;
				LastUpgradeCheck = 1330;
				TargetAttributes = {
					01D9D2BE281F71C400E308D4 = {
						CreatedOnToolsVersion = 13.3.1;
					};
				};
			};
			buildConfigurationList = 01D9D2BA281F71C400E308D4 /* Build configuration list for PBXProject "Unsplash" */;
			compatibilityVersion = "Xcode 13.0";
			developmentRegion = en;
			hasScannedForEncodings = 0;
			knownRegions = (
				en,
				Base,
			);
			mainGroup = 01D9D2B6281F71C400E308D4;
			productRefGroup = 01D9D2C0281F71C400E308D4 /* Products */;
			projectDirPath = "";
			projectRoot = "";
			targets = (
				01D9D2BE281F71C400E308D4 /* Unsplash */,
			);
		};
/* End PBXProject section */

/* Begin PBXResourcesBuildPhase section */
		01D9D2BD281F71C400E308D4 /* Resources */ = {
			isa = PBXResourcesBuildPhase;
			buildActionMask = 2147483647;
			files = (
				01C70DC52832005B00185DF0 /* PhotoCell.xib in Resources */,
				015C93B32835ECCF009F2498 /* PhotoDetailCell.xib in Resources */,
				01D9D2CF281F71C700E308D4 /* LaunchScreen.storyboard in Resources */,
				01D9D2CC281F71C700E308D4 /* Assets.xcassets in Resources */,
			);
			runOnlyForDeploymentPostprocessing = 0;
		};
/* End PBXResourcesBuildPhase section */

/* Begin PBXSourcesBuildPhase section */
		01D9D2BB281F71C400E308D4 /* Sources */ = {
			isa = PBXSourcesBuildPhase;
			buildActionMask = 2147483647;
			files = (
				01C70DD128334D0E00185DF0 /* SearchPhotoRequest.swift in Sources */,
				01D9D2DB281F7B1B00E308D4 /* SearchViewController.swift in Sources */,
				01D9D2C3281F71C400E308D4 /* AppDelegate.swift in Sources */,
				01C70DCB283348AF00185DF0 /* DefaultSearchPhotoUseCase.swift in Sources */,
				016561F7282F517900437475 /* UIImageView+Extension.swift in Sources */,
				01D9D2D7281F7A4F00E308D4 /* MainTabController.swift in Sources */,
				016561DD282CFFB600437475 /* HomeViewModel.swift in Sources */,
				016561D5282CECC100437475 /* DataRequestable.swift in Sources */,
				01D9D2C5281F71C400E308D4 /* SceneDelegate.swift in Sources */,
				01268B132827EF31007821E8 /* PhotoCell.swift in Sources */,
				016561DB282CF64300437475 /* TopicPhotoRequest.swift in Sources */,
				0194CD2428221CE40006470D /* Photo.swift in Sources */,
				01C70DCD283348CA00185DF0 /* SearchPhotoRepository.swift in Sources */,
				016561E8282F3A8500437475 /* TopicPhotoRepository.swift in Sources */,
				0132BAF72820D34000E7A81A /* Topic.swift in Sources */,
				01C70DCF283348F700185DF0 /* DefaultSearchPhotoRepository.swift in Sources */,
				016561F4282F516D00437475 /* ImageCacheManager.swift in Sources */,
				016561F3282F516D00437475 /* PhotoLoader.swift in Sources */,
				016561F8282F517900437475 /* AsyncOperation.swift in Sources */,
				01D9D2D9281F7B1500E308D4 /* HomeViewController.swift in Sources */,
				0132BAF92820F69400E7A81A /* TopicCell.swift in Sources */,
				016561E5282F385300437475 /* DefaultTopicPhotoRepository.swift in Sources */,
				015C93B12835EBFD009F2498 /* PhotoDetailCell.swift in Sources */,
				01C70DD32833849100185DF0 /* SearchResult.swift in Sources */,
				01C70DC7283345D800185DF0 /* SearchViewModel.swift in Sources */,
				016561D7282CEFDA00437475 /* NetworkService.swift in Sources */,
				016561F2282F516D00437475 /* ImageOperation.swift in Sources */,
				016561EA282F3D3E00437475 /* TopicPhotoUseCase.swift in Sources */,
				0132BAF52820C62E00E7A81A /* DetailViewController.swift in Sources */,
				01C70DC92833485500185DF0 /* SearchPhotoUseCase.swift in Sources */,
				016561ED282F3DB600437475 /* DefaultTopicPhotoUseCase.swift in Sources */,
			);
			runOnlyForDeploymentPostprocessing = 0;
		};
/* End PBXSourcesBuildPhase section */

/* Begin PBXVariantGroup section */
		01D9D2CD281F71C700E308D4 /* LaunchScreen.storyboard */ = {
			isa = PBXVariantGroup;
			children = (
				01D9D2CE281F71C700E308D4 /* Base */,
			);
			name = LaunchScreen.storyboard;
			sourceTree = "<group>";
		};
/* End PBXVariantGroup section */

/* Begin XCBuildConfiguration section */
		01D9D2D1281F71C700E308D4 /* Debug */ = {
			isa = XCBuildConfiguration;
			buildSettings = {
				ALWAYS_SEARCH_USER_PATHS = NO;
				CLANG_ANALYZER_NONNULL = YES;
				CLANG_ANALYZER_NUMBER_OBJECT_CONVERSION = YES_AGGRESSIVE;
				CLANG_CXX_LANGUAGE_STANDARD = "gnu++17";
				CLANG_ENABLE_MODULES = YES;
				CLANG_ENABLE_OBJC_ARC = YES;
				CLANG_ENABLE_OBJC_WEAK = YES;
				CLANG_WARN_BLOCK_CAPTURE_AUTORELEASING = YES;
				CLANG_WARN_BOOL_CONVERSION = YES;
				CLANG_WARN_COMMA = YES;
				CLANG_WARN_CONSTANT_CONVERSION = YES;
				CLANG_WARN_DEPRECATED_OBJC_IMPLEMENTATIONS = YES;
				CLANG_WARN_DIRECT_OBJC_ISA_USAGE = YES_ERROR;
				CLANG_WARN_DOCUMENTATION_COMMENTS = YES;
				CLANG_WARN_EMPTY_BODY = YES;
				CLANG_WARN_ENUM_CONVERSION = YES;
				CLANG_WARN_INFINITE_RECURSION = YES;
				CLANG_WARN_INT_CONVERSION = YES;
				CLANG_WARN_NON_LITERAL_NULL_CONVERSION = YES;
				CLANG_WARN_OBJC_IMPLICIT_RETAIN_SELF = YES;
				CLANG_WARN_OBJC_LITERAL_CONVERSION = YES;
				CLANG_WARN_OBJC_ROOT_CLASS = YES_ERROR;
				CLANG_WARN_QUOTED_INCLUDE_IN_FRAMEWORK_HEADER = YES;
				CLANG_WARN_RANGE_LOOP_ANALYSIS = YES;
				CLANG_WARN_STRICT_PROTOTYPES = YES;
				CLANG_WARN_SUSPICIOUS_MOVE = YES;
				CLANG_WARN_UNGUARDED_AVAILABILITY = YES_AGGRESSIVE;
				CLANG_WARN_UNREACHABLE_CODE = YES;
				CLANG_WARN__DUPLICATE_METHOD_MATCH = YES;
				COPY_PHASE_STRIP = NO;
				DEBUG_INFORMATION_FORMAT = dwarf;
				ENABLE_STRICT_OBJC_MSGSEND = YES;
				ENABLE_TESTABILITY = YES;
				GCC_C_LANGUAGE_STANDARD = gnu11;
				GCC_DYNAMIC_NO_PIC = NO;
				GCC_NO_COMMON_BLOCKS = YES;
				GCC_OPTIMIZATION_LEVEL = 0;
				GCC_PREPROCESSOR_DEFINITIONS = (
					"DEBUG=1",
					"$(inherited)",
				);
				GCC_WARN_64_TO_32_BIT_CONVERSION = YES;
				GCC_WARN_ABOUT_RETURN_TYPE = YES_ERROR;
				GCC_WARN_UNDECLARED_SELECTOR = YES;
				GCC_WARN_UNINITIALIZED_AUTOS = YES_AGGRESSIVE;
				GCC_WARN_UNUSED_FUNCTION = YES;
				GCC_WARN_UNUSED_VARIABLE = YES;
				IPHONEOS_DEPLOYMENT_TARGET = 13.0;
				MTL_ENABLE_DEBUG_INFO = INCLUDE_SOURCE;
				MTL_FAST_MATH = YES;
				ONLY_ACTIVE_ARCH = YES;
				SDKROOT = iphoneos;
				SWIFT_ACTIVE_COMPILATION_CONDITIONS = DEBUG;
				SWIFT_OPTIMIZATION_LEVEL = "-Onone";
			};
			name = Debug;
		};
		01D9D2D2281F71C700E308D4 /* Release */ = {
			isa = XCBuildConfiguration;
			buildSettings = {
				ALWAYS_SEARCH_USER_PATHS = NO;
				CLANG_ANALYZER_NONNULL = YES;
				CLANG_ANALYZER_NUMBER_OBJECT_CONVERSION = YES_AGGRESSIVE;
				CLANG_CXX_LANGUAGE_STANDARD = "gnu++17";
				CLANG_ENABLE_MODULES = YES;
				CLANG_ENABLE_OBJC_ARC = YES;
				CLANG_ENABLE_OBJC_WEAK = YES;
				CLANG_WARN_BLOCK_CAPTURE_AUTORELEASING = YES;
				CLANG_WARN_BOOL_CONVERSION = YES;
				CLANG_WARN_COMMA = YES;
				CLANG_WARN_CONSTANT_CONVERSION = YES;
				CLANG_WARN_DEPRECATED_OBJC_IMPLEMENTATIONS = YES;
				CLANG_WARN_DIRECT_OBJC_ISA_USAGE = YES_ERROR;
				CLANG_WARN_DOCUMENTATION_COMMENTS = YES;
				CLANG_WARN_EMPTY_BODY = YES;
				CLANG_WARN_ENUM_CONVERSION = YES;
				CLANG_WARN_INFINITE_RECURSION = YES;
				CLANG_WARN_INT_CONVERSION = YES;
				CLANG_WARN_NON_LITERAL_NULL_CONVERSION = YES;
				CLANG_WARN_OBJC_IMPLICIT_RETAIN_SELF = YES;
				CLANG_WARN_OBJC_LITERAL_CONVERSION = YES;
				CLANG_WARN_OBJC_ROOT_CLASS = YES_ERROR;
				CLANG_WARN_QUOTED_INCLUDE_IN_FRAMEWORK_HEADER = YES;
				CLANG_WARN_RANGE_LOOP_ANALYSIS = YES;
				CLANG_WARN_STRICT_PROTOTYPES = YES;
				CLANG_WARN_SUSPICIOUS_MOVE = YES;
				CLANG_WARN_UNGUARDED_AVAILABILITY = YES_AGGRESSIVE;
				CLANG_WARN_UNREACHABLE_CODE = YES;
				CLANG_WARN__DUPLICATE_METHOD_MATCH = YES;
				COPY_PHASE_STRIP = NO;
				DEBUG_INFORMATION_FORMAT = "dwarf-with-dsym";
				ENABLE_NS_ASSERTIONS = NO;
				ENABLE_STRICT_OBJC_MSGSEND = YES;
				GCC_C_LANGUAGE_STANDARD = gnu11;
				GCC_NO_COMMON_BLOCKS = YES;
				GCC_WARN_64_TO_32_BIT_CONVERSION = YES;
				GCC_WARN_ABOUT_RETURN_TYPE = YES_ERROR;
				GCC_WARN_UNDECLARED_SELECTOR = YES;
				GCC_WARN_UNINITIALIZED_AUTOS = YES_AGGRESSIVE;
				GCC_WARN_UNUSED_FUNCTION = YES;
				GCC_WARN_UNUSED_VARIABLE = YES;
				IPHONEOS_DEPLOYMENT_TARGET = 13.0;
				MTL_ENABLE_DEBUG_INFO = NO;
				MTL_FAST_MATH = YES;
				SDKROOT = iphoneos;
				SWIFT_COMPILATION_MODE = wholemodule;
				SWIFT_OPTIMIZATION_LEVEL = "-O";
				VALIDATE_PRODUCT = YES;
			};
			name = Release;
		};
		01D9D2D4281F71C700E308D4 /* Debug */ = {
			isa = XCBuildConfiguration;
			buildSettings = {
				ASSETCATALOG_COMPILER_APPICON_NAME = AppIcon;
				ASSETCATALOG_COMPILER_GLOBAL_ACCENT_COLOR_NAME = AccentColor;
				CODE_SIGN_STYLE = Automatic;
				CURRENT_PROJECT_VERSION = 1;
				DEVELOPMENT_TEAM = WB3J5J4ZWS;
				GENERATE_INFOPLIST_FILE = YES;
				INFOPLIST_FILE = Unsplash/Info.plist;
				INFOPLIST_KEY_UIApplicationSupportsIndirectInputEvents = YES;
				INFOPLIST_KEY_UILaunchStoryboardName = LaunchScreen;
				INFOPLIST_KEY_UISupportedInterfaceOrientations = UIInterfaceOrientationPortrait;
				INFOPLIST_KEY_UISupportedInterfaceOrientations_iPad = "UIInterfaceOrientationPortrait UIInterfaceOrientationPortraitUpsideDown UIInterfaceOrientationLandscapeLeft UIInterfaceOrientationLandscapeRight";
				INFOPLIST_KEY_UISupportedInterfaceOrientations_iPhone = "UIInterfaceOrientationPortrait UIInterfaceOrientationLandscapeLeft UIInterfaceOrientationLandscapeRight";
				IPHONEOS_DEPLOYMENT_TARGET = 13.0;
				LD_RUNPATH_SEARCH_PATHS = (
					"$(inherited)",
					"@executable_path/Frameworks",
				);
				MARKETING_VERSION = 1.0;
				PRODUCT_BUNDLE_IDENTIFIER = com.rae.Unsplash;
				PRODUCT_NAME = "$(TARGET_NAME)";
				SWIFT_EMIT_LOC_STRINGS = YES;
				SWIFT_VERSION = 5.0;
				TARGETED_DEVICE_FAMILY = 1;
			};
			name = Debug;
		};
		01D9D2D5281F71C700E308D4 /* Release */ = {
			isa = XCBuildConfiguration;
			buildSettings = {
				ASSETCATALOG_COMPILER_APPICON_NAME = AppIcon;
				ASSETCATALOG_COMPILER_GLOBAL_ACCENT_COLOR_NAME = AccentColor;
				CODE_SIGN_STYLE = Automatic;
				CURRENT_PROJECT_VERSION = 1;
				DEVELOPMENT_TEAM = WB3J5J4ZWS;
				GENERATE_INFOPLIST_FILE = YES;
				INFOPLIST_FILE = Unsplash/Info.plist;
				INFOPLIST_KEY_UIApplicationSupportsIndirectInputEvents = YES;
				INFOPLIST_KEY_UILaunchStoryboardName = LaunchScreen;
				INFOPLIST_KEY_UISupportedInterfaceOrientations = UIInterfaceOrientationPortrait;
				INFOPLIST_KEY_UISupportedInterfaceOrientations_iPad = "UIInterfaceOrientationPortrait UIInterfaceOrientationPortraitUpsideDown UIInterfaceOrientationLandscapeLeft UIInterfaceOrientationLandscapeRight";
				INFOPLIST_KEY_UISupportedInterfaceOrientations_iPhone = "UIInterfaceOrientationPortrait UIInterfaceOrientationLandscapeLeft UIInterfaceOrientationLandscapeRight";
				IPHONEOS_DEPLOYMENT_TARGET = 13.0;
				LD_RUNPATH_SEARCH_PATHS = (
					"$(inherited)",
					"@executable_path/Frameworks",
				);
				MARKETING_VERSION = 1.0;
				PRODUCT_BUNDLE_IDENTIFIER = com.rae.Unsplash;
				PRODUCT_NAME = "$(TARGET_NAME)";
				SWIFT_EMIT_LOC_STRINGS = YES;
				SWIFT_VERSION = 5.0;
				TARGETED_DEVICE_FAMILY = 1;
			};
			name = Release;
		};
/* End XCBuildConfiguration section */

/* Begin XCConfigurationList section */
		01D9D2BA281F71C400E308D4 /* Build configuration list for PBXProject "Unsplash" */ = {
			isa = XCConfigurationList;
			buildConfigurations = (
				01D9D2D1281F71C700E308D4 /* Debug */,
				01D9D2D2281F71C700E308D4 /* Release */,
			);
			defaultConfigurationIsVisible = 0;
			defaultConfigurationName = Release;
		};
		01D9D2D3281F71C700E308D4 /* Build configuration list for PBXNativeTarget "Unsplash" */ = {
			isa = XCConfigurationList;
			buildConfigurations = (
				01D9D2D4281F71C700E308D4 /* Debug */,
				01D9D2D5281F71C700E308D4 /* Release */,
			);
			defaultConfigurationIsVisible = 0;
			defaultConfigurationName = Release;
		};
/* End XCConfigurationList section */
	};
	rootObject = 01D9D2B7281F71C400E308D4 /* Project object */;
}
