// !$*UTF8*$!
{
	archiveVersion = 1;
	classes = {
	};
	objectVersion = 55;
	objects = {

/* Begin PBXBuildFile section */
		010CDAFC28E9CD5900F796C1 /* content.json in Resources */ = {isa = PBXBuildFile; fileRef = 010CDAFB28E9CD5900F796C1 /* content.json */; };
		010CDB0028EA7BC900F796C1 /* content.json in Resources */ = {isa = PBXBuildFile; fileRef = 010CDAFB28E9CD5900F796C1 /* content.json */; };
		01208304294981D60077A81E /* ImageSaveManager.swift in Sources */ = {isa = PBXBuildFile; fileRef = 01208303294981D60077A81E /* ImageSaveManager.swift */; };
		0120830D294B28E70077A81E /* CoreDataStorage.swift in Sources */ = {isa = PBXBuildFile; fileRef = 0120830C294B28E70077A81E /* CoreDataStorage.swift */; };
		01208310294B290B0077A81E /* PhotoEntity+Mapping.swift in Sources */ = {isa = PBXBuildFile; fileRef = 0120830F294B290B0077A81E /* PhotoEntity+Mapping.swift */; };
		012FAF4B2956D583001624E6 /* GetPhotoListUseCase.swift in Sources */ = {isa = PBXBuildFile; fileRef = 012FAF4A2956D583001624E6 /* GetPhotoListUseCase.swift */; };
		012FAF4D2956E56D001624E6 /* GetTopicListUseCase.swift in Sources */ = {isa = PBXBuildFile; fileRef = 012FAF4C2956E56D001624E6 /* GetTopicListUseCase.swift */; };
		012FAF4F2956E66F001624E6 /* GetTopicPhotoListUseCase.swift in Sources */ = {isa = PBXBuildFile; fileRef = 012FAF4E2956E66F001624E6 /* GetTopicPhotoListUseCase.swift */; };
		0132BAF52820C62E00E7A81A /* PhotoDetailViewController.swift in Sources */ = {isa = PBXBuildFile; fileRef = 0132BAF42820C62E00E7A81A /* PhotoDetailViewController.swift */; };
		013735A329417046006BDF79 /* BlackGradientImageView.swift in Sources */ = {isa = PBXBuildFile; fileRef = 013735A229417046006BDF79 /* BlackGradientImageView.swift */; };
		013ED83E2846146F00B242FE /* PinterestLayout.swift in Sources */ = {isa = PBXBuildFile; fileRef = 013ED83D2846146F00B242FE /* PinterestLayout.swift */; };
		014C20CA2959691B007F06B0 /* GetPhotoSearchListUseCase.swift in Sources */ = {isa = PBXBuildFile; fileRef = 014C20C92959691B007F06B0 /* GetPhotoSearchListUseCase.swift */; };
		015744F82844586400B3A6F7 /* Secrets.swift in Sources */ = {isa = PBXBuildFile; fileRef = 015744F72844586400B3A6F7 /* Secrets.swift */; };
		015C93B5283880BA009F2498 /* ImageCacheManager.swift in Sources */ = {isa = PBXBuildFile; fileRef = 015C93B4283880BA009F2498 /* ImageCacheManager.swift */; };
		0164B78F29432E8C00F30756 /* LikesPhotoCollectionViewCell.swift in Sources */ = {isa = PBXBuildFile; fileRef = 0164B78E29432E8C00F30756 /* LikesPhotoCollectionViewCell.swift */; };
		0164B7952943905C00F30756 /* Photo.swift in Sources */ = {isa = PBXBuildFile; fileRef = 0164B7942943905C00F30756 /* Photo.swift */; };
		0164B799294390CF00F30756 /* PhotoResponseDTO+Mapping.swift in Sources */ = {isa = PBXBuildFile; fileRef = 0164B798294390CF00F30756 /* PhotoResponseDTO+Mapping.swift */; };
		0164B79B2943935600F30756 /* SearchResponseDTO.swift in Sources */ = {isa = PBXBuildFile; fileRef = 0164B79A2943935600F30756 /* SearchResponseDTO.swift */; };
		0164B79D294393A900F30756 /* TopicResponseDTO+Mapping.swift in Sources */ = {isa = PBXBuildFile; fileRef = 0164B79C294393A900F30756 /* TopicResponseDTO+Mapping.swift */; };
		0164B79F294393E200F30756 /* Topic.swift in Sources */ = {isa = PBXBuildFile; fileRef = 0164B79E294393E200F30756 /* Topic.swift */; };
		0164B7A32944190F00F30756 /* PhotoRepository.swift in Sources */ = {isa = PBXBuildFile; fileRef = 0164B7A22944190F00F30756 /* PhotoRepository.swift */; };
		0164B7A529441A3300F30756 /* TopicRepository.swift in Sources */ = {isa = PBXBuildFile; fileRef = 0164B7A429441A3300F30756 /* TopicRepository.swift */; };
		0164B7A729441A5C00F30756 /* PhotoSearchRepository.swift in Sources */ = {isa = PBXBuildFile; fileRef = 0164B7A629441A5C00F30756 /* PhotoSearchRepository.swift */; };
		0164B7AA29441ABD00F30756 /* DefaultPhotoRepository.swift in Sources */ = {isa = PBXBuildFile; fileRef = 0164B7A929441ABD00F30756 /* DefaultPhotoRepository.swift */; };
		0164B7AD29441B4500F30756 /* TargetType.swift in Sources */ = {isa = PBXBuildFile; fileRef = 0164B7AC29441B4500F30756 /* TargetType.swift */; };
		019D78C828C872D200EB3FEB /* UIImageView+Extension.swift in Sources */ = {isa = PBXBuildFile; fileRef = 019D78C728C872D200EB3FEB /* UIImageView+Extension.swift */; };
		019D78CD28C9BA2E00EB3FEB /* API.swift in Sources */ = {isa = PBXBuildFile; fileRef = 019D78CC28C9BA2E00EB3FEB /* API.swift */; };
		019D78CF28C9C01F00EB3FEB /* NetworkService.swift in Sources */ = {isa = PBXBuildFile; fileRef = 019D78CE28C9C01F00EB3FEB /* NetworkService.swift */; };
		01A18D2A2947527B00DA45B0 /* PhotoDetailCollectionViewCell.swift in Sources */ = {isa = PBXBuildFile; fileRef = 01A18D292947527B00DA45B0 /* PhotoDetailCollectionViewCell.swift */; };
		01A18D312948593000DA45B0 /* PhotoDetailViewModel.swift in Sources */ = {isa = PBXBuildFile; fileRef = 01A18D302948593000DA45B0 /* PhotoDetailViewModel.swift */; };
		01A18D332948625900DA45B0 /* PhotoCoreDataRepository.swift in Sources */ = {isa = PBXBuildFile; fileRef = 01A18D322948625900DA45B0 /* PhotoCoreDataRepository.swift */; };
		01A18D352948647400DA45B0 /* TopicRequestDTO.swift in Sources */ = {isa = PBXBuildFile; fileRef = 01A18D342948647400DA45B0 /* TopicRequestDTO.swift */; };
		01A18D382948689100DA45B0 /* DefaultPhotoCoreDataRepository.swift in Sources */ = {isa = PBXBuildFile; fileRef = 01A18D372948689100DA45B0 /* DefaultPhotoCoreDataRepository.swift */; };
		01B49FCA29441CF40027A01E /* PhotoRequestDTO.swift in Sources */ = {isa = PBXBuildFile; fileRef = 01B49FC929441CF40027A01E /* PhotoRequestDTO.swift */; };
		01B49FCC2944236A0027A01E /* PhotoListViewModel.swift in Sources */ = {isa = PBXBuildFile; fileRef = 01B49FCB2944236A0027A01E /* PhotoListViewModel.swift */; };
		01B49FE629446EDD0027A01E /* PhotoListViewModelTests.swift in Sources */ = {isa = PBXBuildFile; fileRef = 01B49FE529446EDD0027A01E /* PhotoListViewModelTests.swift */; };
		01B49FE92944AAAF0027A01E /* TopicListViewModel.swift in Sources */ = {isa = PBXBuildFile; fileRef = 01B49FE82944AAAF0027A01E /* TopicListViewModel.swift */; };
		01B49FEB2944AB420027A01E /* DefaultTopicRepository.swift in Sources */ = {isa = PBXBuildFile; fileRef = 01B49FEA2944AB420027A01E /* DefaultTopicRepository.swift */; };
		01B49FED2944B2210027A01E /* SearchResultViewModel.swift in Sources */ = {isa = PBXBuildFile; fileRef = 01B49FEC2944B2210027A01E /* SearchResultViewModel.swift */; };
		01B49FEF2944B2A40027A01E /* DefaultPhotoSearchRepository.swift in Sources */ = {isa = PBXBuildFile; fileRef = 01B49FEE2944B2A40027A01E /* DefaultPhotoSearchRepository.swift */; };
		01B49FF12944B2D70027A01E /* PhotoSearchRequestDTO.swift in Sources */ = {isa = PBXBuildFile; fileRef = 01B49FF02944B2D70027A01E /* PhotoSearchRequestDTO.swift */; };
		01B49FFD2944F2F30027A01E /* TopicPhotoListViewModel.swift in Sources */ = {isa = PBXBuildFile; fileRef = 01B49FFC2944F2F30027A01E /* TopicPhotoListViewModel.swift */; };
		01B49FFF294564B90027A01E /* TopicPhotoRepository.swift in Sources */ = {isa = PBXBuildFile; fileRef = 01B49FFE294564B90027A01E /* TopicPhotoRepository.swift */; };
		01B4A001294564E70027A01E /* TopicPhotoRequestDTO.swift in Sources */ = {isa = PBXBuildFile; fileRef = 01B4A000294564E70027A01E /* TopicPhotoRequestDTO.swift */; };
		01B4A0032945654C0027A01E /* DefaultTopicPhotoRepository.swift in Sources */ = {isa = PBXBuildFile; fileRef = 01B4A0022945654C0027A01E /* DefaultTopicPhotoRepository.swift */; };
		01B4A0072947115D0027A01E /* MainTabBarController.swift in Sources */ = {isa = PBXBuildFile; fileRef = 01B4A0062947115D0027A01E /* MainTabBarController.swift */; };
		01C0C99E28D8A19B00D655BD /* LikesPhotoListViewController.swift in Sources */ = {isa = PBXBuildFile; fileRef = 01C0C99D28D8A19B00D655BD /* LikesPhotoListViewController.swift */; };
		01C0C9A428DA98F900D655BD /* PhotoListViewController.swift in Sources */ = {isa = PBXBuildFile; fileRef = 01C0C9A328DA98F900D655BD /* PhotoListViewController.swift */; };
		01C0C9AC28DADE4E00D655BD /* UIViewController+Extension.swift in Sources */ = {isa = PBXBuildFile; fileRef = 01C0C9AB28DADE4E00D655BD /* UIViewController+Extension.swift */; };
		01C0C9AE28DAE30D00D655BD /* Alert.swift in Sources */ = {isa = PBXBuildFile; fileRef = 01C0C9AD28DAE30D00D655BD /* Alert.swift */; };
		01C0C9B328DAF48100D655BD /* PhotoCollectionViewCell.swift in Sources */ = {isa = PBXBuildFile; fileRef = 01C0C9B228DAF48100D655BD /* PhotoCollectionViewCell.swift */; };
		01C0C9C828DC45BE00D655BD /* NetworkServiceTests.swift in Sources */ = {isa = PBXBuildFile; fileRef = 01C0C9C728DC45BE00D655BD /* NetworkServiceTests.swift */; };
		01C0C9CF28DC8B7300D655BD /* URLSessionProtocol.swift in Sources */ = {isa = PBXBuildFile; fileRef = 01C0C9CE28DC8B7300D655BD /* URLSessionProtocol.swift */; };
		01C0C9D128DC8FD300D655BD /* URLSessionDataTaskProtocol.swift in Sources */ = {isa = PBXBuildFile; fileRef = 01C0C9D028DC8FD300D655BD /* URLSessionDataTaskProtocol.swift */; };
		01C0C9D528DC973C00D655BD /* MockURLSessionDataTask.swift in Sources */ = {isa = PBXBuildFile; fileRef = 01C0C9D428DC973C00D655BD /* MockURLSessionDataTask.swift */; };
		01C0C9D728DC976400D655BD /* MockURLSession.swift in Sources */ = {isa = PBXBuildFile; fileRef = 01C0C9D628DC976400D655BD /* MockURLSession.swift */; };
		01C0C9E028DDD85800D655BD /* TopicListCollectionViewCell.swift in Sources */ = {isa = PBXBuildFile; fileRef = 01C0C9DF28DDD85800D655BD /* TopicListCollectionViewCell.swift */; };
		01C0C9E228DE973900D655BD /* TopicPhotoListViewController.swift in Sources */ = {isa = PBXBuildFile; fileRef = 01C0C9E128DE973900D655BD /* TopicPhotoListViewController.swift */; };
		01C0C9F128E286D400D655BD /* SearchResultViewController.swift in Sources */ = {isa = PBXBuildFile; fileRef = 01C0C9F028E286D400D655BD /* SearchResultViewController.swift */; };
		01C0C9F828E3E1F000D655BD /* CoreDataStorage.xcdatamodeld in Sources */ = {isa = PBXBuildFile; fileRef = 01C0C9F628E3E1F000D655BD /* CoreDataStorage.xcdatamodeld */; };
		01C0CA0A28E47C8F00D655BD /* NotificationName+Extension.swift in Sources */ = {isa = PBXBuildFile; fileRef = 01C0CA0928E47C8F00D655BD /* NotificationName+Extension.swift */; };
		01D55B14294870B600D1D5A3 /* LikesPhotoListViewModel.swift in Sources */ = {isa = PBXBuildFile; fileRef = 01D55B13294870B600D1D5A3 /* LikesPhotoListViewModel.swift */; };
		01D9D2C3281F71C400E308D4 /* AppDelegate.swift in Sources */ = {isa = PBXBuildFile; fileRef = 01D9D2C2281F71C400E308D4 /* AppDelegate.swift */; };
		01D9D2C5281F71C400E308D4 /* SceneDelegate.swift in Sources */ = {isa = PBXBuildFile; fileRef = 01D9D2C4281F71C400E308D4 /* SceneDelegate.swift */; };
		01D9D2CC281F71C700E308D4 /* Assets.xcassets in Resources */ = {isa = PBXBuildFile; fileRef = 01D9D2CB281F71C700E308D4 /* Assets.xcassets */; };
		01D9D2CF281F71C700E308D4 /* LaunchScreen.storyboard in Resources */ = {isa = PBXBuildFile; fileRef = 01D9D2CD281F71C700E308D4 /* LaunchScreen.storyboard */; };
		01D9D2DB281F7B1B00E308D4 /* TopicListViewController.swift in Sources */ = {isa = PBXBuildFile; fileRef = 01D9D2DA281F7B1B00E308D4 /* TopicListViewController.swift */; };
/* End PBXBuildFile section */

/* Begin PBXContainerItemProxy section */
		01C0C9C228DC443600D655BD /* PBXContainerItemProxy */ = {
			isa = PBXContainerItemProxy;
			containerPortal = 01D9D2B7281F71C400E308D4 /* Project object */;
			proxyType = 1;
			remoteGlobalIDString = 01D9D2BE281F71C400E308D4;
			remoteInfo = Unsplash;
		};
/* End PBXContainerItemProxy section */

/* Begin PBXFileReference section */
		010CDAFB28E9CD5900F796C1 /* content.json */ = {isa = PBXFileReference; fileEncoding = 4; lastKnownFileType = text.json; path = content.json; sourceTree = "<group>"; };
		01208303294981D60077A81E /* ImageSaveManager.swift */ = {isa = PBXFileReference; lastKnownFileType = sourcecode.swift; path = ImageSaveManager.swift; sourceTree = "<group>"; };
		0120830C294B28E70077A81E /* CoreDataStorage.swift */ = {isa = PBXFileReference; lastKnownFileType = sourcecode.swift; path = CoreDataStorage.swift; sourceTree = "<group>"; };
		0120830F294B290B0077A81E /* PhotoEntity+Mapping.swift */ = {isa = PBXFileReference; lastKnownFileType = sourcecode.swift; path = "PhotoEntity+Mapping.swift"; sourceTree = "<group>"; };
		012FAF4A2956D583001624E6 /* GetPhotoListUseCase.swift */ = {isa = PBXFileReference; lastKnownFileType = sourcecode.swift; path = GetPhotoListUseCase.swift; sourceTree = "<group>"; };
		012FAF4C2956E56D001624E6 /* GetTopicListUseCase.swift */ = {isa = PBXFileReference; lastKnownFileType = sourcecode.swift; path = GetTopicListUseCase.swift; sourceTree = "<group>"; };
		012FAF4E2956E66F001624E6 /* GetTopicPhotoListUseCase.swift */ = {isa = PBXFileReference; lastKnownFileType = sourcecode.swift; path = GetTopicPhotoListUseCase.swift; sourceTree = "<group>"; };
		0132BAF42820C62E00E7A81A /* PhotoDetailViewController.swift */ = {isa = PBXFileReference; lastKnownFileType = sourcecode.swift; path = PhotoDetailViewController.swift; sourceTree = "<group>"; };
		013735A229417046006BDF79 /* BlackGradientImageView.swift */ = {isa = PBXFileReference; lastKnownFileType = sourcecode.swift; path = BlackGradientImageView.swift; sourceTree = "<group>"; };
		013ED83D2846146F00B242FE /* PinterestLayout.swift */ = {isa = PBXFileReference; lastKnownFileType = sourcecode.swift; path = PinterestLayout.swift; sourceTree = "<group>"; };
		014C20C92959691B007F06B0 /* GetPhotoSearchListUseCase.swift */ = {isa = PBXFileReference; lastKnownFileType = sourcecode.swift; path = GetPhotoSearchListUseCase.swift; sourceTree = "<group>"; };
		015744F72844586400B3A6F7 /* Secrets.swift */ = {isa = PBXFileReference; lastKnownFileType = sourcecode.swift; path = Secrets.swift; sourceTree = "<group>"; };
		015C93B4283880BA009F2498 /* ImageCacheManager.swift */ = {isa = PBXFileReference; lastKnownFileType = sourcecode.swift; path = ImageCacheManager.swift; sourceTree = "<group>"; };
		0164B78E29432E8C00F30756 /* LikesPhotoCollectionViewCell.swift */ = {isa = PBXFileReference; lastKnownFileType = sourcecode.swift; path = LikesPhotoCollectionViewCell.swift; sourceTree = "<group>"; };
		0164B7942943905C00F30756 /* Photo.swift */ = {isa = PBXFileReference; lastKnownFileType = sourcecode.swift; path = Photo.swift; sourceTree = "<group>"; };
		0164B798294390CF00F30756 /* PhotoResponseDTO+Mapping.swift */ = {isa = PBXFileReference; lastKnownFileType = sourcecode.swift; path = "PhotoResponseDTO+Mapping.swift"; sourceTree = "<group>"; };
		0164B79A2943935600F30756 /* SearchResponseDTO.swift */ = {isa = PBXFileReference; lastKnownFileType = sourcecode.swift; path = SearchResponseDTO.swift; sourceTree = "<group>"; };
		0164B79C294393A900F30756 /* TopicResponseDTO+Mapping.swift */ = {isa = PBXFileReference; lastKnownFileType = sourcecode.swift; path = "TopicResponseDTO+Mapping.swift"; sourceTree = "<group>"; };
		0164B79E294393E200F30756 /* Topic.swift */ = {isa = PBXFileReference; lastKnownFileType = sourcecode.swift; path = Topic.swift; sourceTree = "<group>"; };
		0164B7A22944190F00F30756 /* PhotoRepository.swift */ = {isa = PBXFileReference; lastKnownFileType = sourcecode.swift; path = PhotoRepository.swift; sourceTree = "<group>"; };
		0164B7A429441A3300F30756 /* TopicRepository.swift */ = {isa = PBXFileReference; lastKnownFileType = sourcecode.swift; path = TopicRepository.swift; sourceTree = "<group>"; };
		0164B7A629441A5C00F30756 /* PhotoSearchRepository.swift */ = {isa = PBXFileReference; lastKnownFileType = sourcecode.swift; path = PhotoSearchRepository.swift; sourceTree = "<group>"; };
		0164B7A929441ABD00F30756 /* DefaultPhotoRepository.swift */ = {isa = PBXFileReference; lastKnownFileType = sourcecode.swift; path = DefaultPhotoRepository.swift; sourceTree = "<group>"; };
		0164B7AC29441B4500F30756 /* TargetType.swift */ = {isa = PBXFileReference; lastKnownFileType = sourcecode.swift; path = TargetType.swift; sourceTree = "<group>"; };
		019D78C728C872D200EB3FEB /* UIImageView+Extension.swift */ = {isa = PBXFileReference; lastKnownFileType = sourcecode.swift; path = "UIImageView+Extension.swift"; sourceTree = "<group>"; };
		019D78CC28C9BA2E00EB3FEB /* API.swift */ = {isa = PBXFileReference; lastKnownFileType = sourcecode.swift; path = API.swift; sourceTree = "<group>"; };
		019D78CE28C9C01F00EB3FEB /* NetworkService.swift */ = {isa = PBXFileReference; lastKnownFileType = sourcecode.swift; path = NetworkService.swift; sourceTree = "<group>"; };
		01A18D292947527B00DA45B0 /* PhotoDetailCollectionViewCell.swift */ = {isa = PBXFileReference; lastKnownFileType = sourcecode.swift; path = PhotoDetailCollectionViewCell.swift; sourceTree = "<group>"; };
		01A18D302948593000DA45B0 /* PhotoDetailViewModel.swift */ = {isa = PBXFileReference; lastKnownFileType = sourcecode.swift; path = PhotoDetailViewModel.swift; sourceTree = "<group>"; };
		01A18D322948625900DA45B0 /* PhotoCoreDataRepository.swift */ = {isa = PBXFileReference; lastKnownFileType = sourcecode.swift; path = PhotoCoreDataRepository.swift; sourceTree = "<group>"; };
		01A18D342948647400DA45B0 /* TopicRequestDTO.swift */ = {isa = PBXFileReference; lastKnownFileType = sourcecode.swift; path = TopicRequestDTO.swift; sourceTree = "<group>"; };
		01A18D372948689100DA45B0 /* DefaultPhotoCoreDataRepository.swift */ = {isa = PBXFileReference; lastKnownFileType = sourcecode.swift; path = DefaultPhotoCoreDataRepository.swift; sourceTree = "<group>"; };
		01B49FC929441CF40027A01E /* PhotoRequestDTO.swift */ = {isa = PBXFileReference; lastKnownFileType = sourcecode.swift; path = PhotoRequestDTO.swift; sourceTree = "<group>"; };
		01B49FCB2944236A0027A01E /* PhotoListViewModel.swift */ = {isa = PBXFileReference; lastKnownFileType = sourcecode.swift; path = PhotoListViewModel.swift; sourceTree = "<group>"; };
		01B49FE529446EDD0027A01E /* PhotoListViewModelTests.swift */ = {isa = PBXFileReference; lastKnownFileType = sourcecode.swift; path = PhotoListViewModelTests.swift; sourceTree = "<group>"; };
		01B49FE82944AAAF0027A01E /* TopicListViewModel.swift */ = {isa = PBXFileReference; lastKnownFileType = sourcecode.swift; path = TopicListViewModel.swift; sourceTree = "<group>"; };
		01B49FEA2944AB420027A01E /* DefaultTopicRepository.swift */ = {isa = PBXFileReference; lastKnownFileType = sourcecode.swift; path = DefaultTopicRepository.swift; sourceTree = "<group>"; };
		01B49FEC2944B2210027A01E /* SearchResultViewModel.swift */ = {isa = PBXFileReference; lastKnownFileType = sourcecode.swift; path = SearchResultViewModel.swift; sourceTree = "<group>"; };
		01B49FEE2944B2A40027A01E /* DefaultPhotoSearchRepository.swift */ = {isa = PBXFileReference; lastKnownFileType = sourcecode.swift; path = DefaultPhotoSearchRepository.swift; sourceTree = "<group>"; };
		01B49FF02944B2D70027A01E /* PhotoSearchRequestDTO.swift */ = {isa = PBXFileReference; lastKnownFileType = sourcecode.swift; path = PhotoSearchRequestDTO.swift; sourceTree = "<group>"; };
		01B49FFC2944F2F30027A01E /* TopicPhotoListViewModel.swift */ = {isa = PBXFileReference; lastKnownFileType = sourcecode.swift; path = TopicPhotoListViewModel.swift; sourceTree = "<group>"; };
		01B49FFE294564B90027A01E /* TopicPhotoRepository.swift */ = {isa = PBXFileReference; lastKnownFileType = sourcecode.swift; path = TopicPhotoRepository.swift; sourceTree = "<group>"; };
		01B4A000294564E70027A01E /* TopicPhotoRequestDTO.swift */ = {isa = PBXFileReference; lastKnownFileType = sourcecode.swift; path = TopicPhotoRequestDTO.swift; sourceTree = "<group>"; };
		01B4A0022945654C0027A01E /* DefaultTopicPhotoRepository.swift */ = {isa = PBXFileReference; lastKnownFileType = sourcecode.swift; path = DefaultTopicPhotoRepository.swift; sourceTree = "<group>"; };
		01B4A0062947115D0027A01E /* MainTabBarController.swift */ = {isa = PBXFileReference; lastKnownFileType = sourcecode.swift; path = MainTabBarController.swift; sourceTree = "<group>"; };
		01C0C99D28D8A19B00D655BD /* LikesPhotoListViewController.swift */ = {isa = PBXFileReference; lastKnownFileType = sourcecode.swift; path = LikesPhotoListViewController.swift; sourceTree = "<group>"; };
		01C0C9A328DA98F900D655BD /* PhotoListViewController.swift */ = {isa = PBXFileReference; lastKnownFileType = sourcecode.swift; path = PhotoListViewController.swift; sourceTree = "<group>"; };
		01C0C9AB28DADE4E00D655BD /* UIViewController+Extension.swift */ = {isa = PBXFileReference; lastKnownFileType = sourcecode.swift; path = "UIViewController+Extension.swift"; sourceTree = "<group>"; };
		01C0C9AD28DAE30D00D655BD /* Alert.swift */ = {isa = PBXFileReference; lastKnownFileType = sourcecode.swift; path = Alert.swift; sourceTree = "<group>"; };
		01C0C9B228DAF48100D655BD /* PhotoCollectionViewCell.swift */ = {isa = PBXFileReference; lastKnownFileType = sourcecode.swift; path = PhotoCollectionViewCell.swift; sourceTree = "<group>"; };
		01C0C9BE28DC443600D655BD /* UnsplashTests.xctest */ = {isa = PBXFileReference; explicitFileType = wrapper.cfbundle; includeInIndex = 0; path = UnsplashTests.xctest; sourceTree = BUILT_PRODUCTS_DIR; };
		01C0C9C728DC45BE00D655BD /* NetworkServiceTests.swift */ = {isa = PBXFileReference; lastKnownFileType = sourcecode.swift; path = NetworkServiceTests.swift; sourceTree = "<group>"; };
		01C0C9CE28DC8B7300D655BD /* URLSessionProtocol.swift */ = {isa = PBXFileReference; lastKnownFileType = sourcecode.swift; path = URLSessionProtocol.swift; sourceTree = "<group>"; };
		01C0C9D028DC8FD300D655BD /* URLSessionDataTaskProtocol.swift */ = {isa = PBXFileReference; lastKnownFileType = sourcecode.swift; path = URLSessionDataTaskProtocol.swift; sourceTree = "<group>"; };
		01C0C9D428DC973C00D655BD /* MockURLSessionDataTask.swift */ = {isa = PBXFileReference; lastKnownFileType = sourcecode.swift; path = MockURLSessionDataTask.swift; sourceTree = "<group>"; };
		01C0C9D628DC976400D655BD /* MockURLSession.swift */ = {isa = PBXFileReference; lastKnownFileType = sourcecode.swift; path = MockURLSession.swift; sourceTree = "<group>"; };
		01C0C9DF28DDD85800D655BD /* TopicListCollectionViewCell.swift */ = {isa = PBXFileReference; lastKnownFileType = sourcecode.swift; path = TopicListCollectionViewCell.swift; sourceTree = "<group>"; };
		01C0C9E128DE973900D655BD /* TopicPhotoListViewController.swift */ = {isa = PBXFileReference; lastKnownFileType = sourcecode.swift; path = TopicPhotoListViewController.swift; sourceTree = "<group>"; };
		01C0C9F028E286D400D655BD /* SearchResultViewController.swift */ = {isa = PBXFileReference; lastKnownFileType = sourcecode.swift; path = SearchResultViewController.swift; sourceTree = "<group>"; };
		01C0C9F728E3E1F000D655BD /* Unsplash.xcdatamodel */ = {isa = PBXFileReference; lastKnownFileType = wrapper.xcdatamodel; path = Unsplash.xcdatamodel; sourceTree = "<group>"; };
		01C0CA0928E47C8F00D655BD /* NotificationName+Extension.swift */ = {isa = PBXFileReference; lastKnownFileType = sourcecode.swift; path = "NotificationName+Extension.swift"; sourceTree = "<group>"; };
		01D55B13294870B600D1D5A3 /* LikesPhotoListViewModel.swift */ = {isa = PBXFileReference; lastKnownFileType = sourcecode.swift; path = LikesPhotoListViewModel.swift; sourceTree = "<group>"; };
		01D9D2BF281F71C400E308D4 /* Unsplash.app */ = {isa = PBXFileReference; explicitFileType = wrapper.application; includeInIndex = 0; path = Unsplash.app; sourceTree = BUILT_PRODUCTS_DIR; };
		01D9D2C2281F71C400E308D4 /* AppDelegate.swift */ = {isa = PBXFileReference; lastKnownFileType = sourcecode.swift; path = AppDelegate.swift; sourceTree = "<group>"; };
		01D9D2C4281F71C400E308D4 /* SceneDelegate.swift */ = {isa = PBXFileReference; lastKnownFileType = sourcecode.swift; path = SceneDelegate.swift; sourceTree = "<group>"; };
		01D9D2CB281F71C700E308D4 /* Assets.xcassets */ = {isa = PBXFileReference; lastKnownFileType = folder.assetcatalog; path = Assets.xcassets; sourceTree = "<group>"; };
		01D9D2CE281F71C700E308D4 /* Base */ = {isa = PBXFileReference; lastKnownFileType = file.storyboard; name = Base; path = Base.lproj/LaunchScreen.storyboard; sourceTree = "<group>"; };
		01D9D2D0281F71C700E308D4 /* Info.plist */ = {isa = PBXFileReference; lastKnownFileType = text.plist.xml; path = Info.plist; sourceTree = "<group>"; };
		01D9D2DA281F7B1B00E308D4 /* TopicListViewController.swift */ = {isa = PBXFileReference; lastKnownFileType = sourcecode.swift; path = TopicListViewController.swift; sourceTree = "<group>"; };
/* End PBXFileReference section */

/* Begin PBXFrameworksBuildPhase section */
		01C0C9BB28DC443600D655BD /* Frameworks */ = {
			isa = PBXFrameworksBuildPhase;
			buildActionMask = 2147483647;
			files = (
			);
			runOnlyForDeploymentPostprocessing = 0;
		};
		01D9D2BC281F71C400E308D4 /* Frameworks */ = {
			isa = PBXFrameworksBuildPhase;
			buildActionMask = 2147483647;
			files = (
			);
			runOnlyForDeploymentPostprocessing = 0;
		};
/* End PBXFrameworksBuildPhase section */

/* Begin PBXGroup section */
		010CDADB28E6EDB100F796C1 /* TopicPhotoList */ = {
			isa = PBXGroup;
			children = (
				01C0C9E128DE973900D655BD /* TopicPhotoListViewController.swift */,
				01B49FFC2944F2F30027A01E /* TopicPhotoListViewModel.swift */,
			);
			path = TopicPhotoList;
			sourceTree = "<group>";
		};
		0120830E294B28F60077A81E /* Entity+Mapping */ = {
			isa = PBXGroup;
			children = (
				0120830F294B290B0077A81E /* PhotoEntity+Mapping.swift */,
			);
			path = "Entity+Mapping";
			sourceTree = "<group>";
		};
		0128D1A12897BF5F00D17627 /* SearchResult */ = {
			isa = PBXGroup;
			children = (
				01C0C9F028E286D400D655BD /* SearchResultViewController.swift */,
				01B49FEC2944B2210027A01E /* SearchResultViewModel.swift */,
			);
			path = SearchResult;
			sourceTree = "<group>";
		};
		0128D1A22897BF6C00D17627 /* PhotoDetail */ = {
			isa = PBXGroup;
			children = (
				01A18D292947527B00DA45B0 /* PhotoDetailCollectionViewCell.swift */,
				0132BAF42820C62E00E7A81A /* PhotoDetailViewController.swift */,
				01A18D302948593000DA45B0 /* PhotoDetailViewModel.swift */,
			);
			path = PhotoDetail;
			sourceTree = "<group>";
		};
		0128D1AA289942E900D17627 /* Resource */ = {
			isa = PBXGroup;
			children = (
				01D9D2D0281F71C700E308D4 /* Info.plist */,
				01D9D2CD281F71C700E308D4 /* LaunchScreen.storyboard */,
				01D9D2CB281F71C700E308D4 /* Assets.xcassets */,
			);
			path = Resource;
			sourceTree = "<group>";
		};
		012FAF492956D55F001624E6 /* UseCases */ = {
			isa = PBXGroup;
			children = (
				012FAF4A2956D583001624E6 /* GetPhotoListUseCase.swift */,
				014C20C92959691B007F06B0 /* GetPhotoSearchListUseCase.swift */,
				012FAF4C2956E56D001624E6 /* GetTopicListUseCase.swift */,
				012FAF4E2956E66F001624E6 /* GetTopicPhotoListUseCase.swift */,
			);
			path = UseCases;
			sourceTree = "<group>";
		};
		0164B7902943902C00F30756 /* Domain */ = {
			isa = PBXGroup;
			children = (
				0164B7932943903F00F30756 /* Entities */,
				0164B7A829441A9600F30756 /* Interfaces */,
				012FAF492956D55F001624E6 /* UseCases */,
			);
			path = Domain;
			sourceTree = "<group>";
		};
		0164B7912943903000F30756 /* Data */ = {
			isa = PBXGroup;
			children = (
				01A18D362948661900DA45B0 /* CoreDataStorage */,
				0164B796294390A900F30756 /* Network */,
				0164B7A1294418F400F30756 /* Repositories */,
			);
			path = Data;
			sourceTree = "<group>";
		};
		0164B7932943903F00F30756 /* Entities */ = {
			isa = PBXGroup;
			children = (
				0164B7942943905C00F30756 /* Photo.swift */,
				0164B79E294393E200F30756 /* Topic.swift */,
			);
			path = Entities;
			sourceTree = "<group>";
		};
		0164B796294390A900F30756 /* Network */ = {
			isa = PBXGroup;
			children = (
				0164B7AE29441CBB00F30756 /* Request */,
				0164B797294390B600F30756 /* Response */,
			);
			path = Network;
			sourceTree = "<group>";
		};
		0164B797294390B600F30756 /* Response */ = {
			isa = PBXGroup;
			children = (
				0164B798294390CF00F30756 /* PhotoResponseDTO+Mapping.swift */,
				0164B79A2943935600F30756 /* SearchResponseDTO.swift */,
				0164B79C294393A900F30756 /* TopicResponseDTO+Mapping.swift */,
			);
			path = Response;
			sourceTree = "<group>";
		};
		0164B7A0294418E800F30756 /* Repositories */ = {
			isa = PBXGroup;
			children = (
				01A18D322948625900DA45B0 /* PhotoCoreDataRepository.swift */,
				0164B7A22944190F00F30756 /* PhotoRepository.swift */,
				0164B7A629441A5C00F30756 /* PhotoSearchRepository.swift */,
				01B49FFE294564B90027A01E /* TopicPhotoRepository.swift */,
				0164B7A429441A3300F30756 /* TopicRepository.swift */,
			);
			path = Repositories;
			sourceTree = "<group>";
		};
		0164B7A1294418F400F30756 /* Repositories */ = {
			isa = PBXGroup;
			children = (
				01A18D372948689100DA45B0 /* DefaultPhotoCoreDataRepository.swift */,
				0164B7A929441ABD00F30756 /* DefaultPhotoRepository.swift */,
				01B49FEE2944B2A40027A01E /* DefaultPhotoSearchRepository.swift */,
				01B4A0022945654C0027A01E /* DefaultTopicPhotoRepository.swift */,
				01B49FEA2944AB420027A01E /* DefaultTopicRepository.swift */,
			);
			path = Repositories;
			sourceTree = "<group>";
		};
		0164B7A829441A9600F30756 /* Interfaces */ = {
			isa = PBXGroup;
			children = (
				0164B7A0294418E800F30756 /* Repositories */,
			);
			path = Interfaces;
			sourceTree = "<group>";
		};
		0164B7AB29441AE200F30756 /* Infrastructure */ = {
			isa = PBXGroup;
			children = (
				01C0C9AF28DAE39F00D655BD /* Network */,
			);
			path = Infrastructure;
			sourceTree = "<group>";
		};
		0164B7AE29441CBB00F30756 /* Request */ = {
			isa = PBXGroup;
			children = (
				01B49FC929441CF40027A01E /* PhotoRequestDTO.swift */,
				01B49FF02944B2D70027A01E /* PhotoSearchRequestDTO.swift */,
				01B4A000294564E70027A01E /* TopicPhotoRequestDTO.swift */,
				01A18D342948647400DA45B0 /* TopicRequestDTO.swift */,
			);
			path = Request;
			sourceTree = "<group>";
		};
		016561CE282CE7B400437475 /* Application */ = {
			isa = PBXGroup;
			children = (
				01D9D2C2281F71C400E308D4 /* AppDelegate.swift */,
				01D9D2C4281F71C400E308D4 /* SceneDelegate.swift */,
			);
			path = Application;
			sourceTree = "<group>";
		};
		0194CD332822A5240006470D /* Presentation */ = {
			isa = PBXGroup;
			children = (
				01B4A0062947115D0027A01E /* MainTabBarController.swift */,
				01BBCB31291DE653004A2275 /* Common */,
				01C0C99C28D8A18700D655BD /* LikesPhotoList */,
				0128D1A22897BF6C00D17627 /* PhotoDetail */,
				01C0C9A528DA98FD00D655BD /* PhotoList */,
				01C0C9F528E3DC3B00D655BD /* Search */,
			);
			path = Presentation;
			sourceTree = "<group>";
		};
		019D78CB28C8B1BB00EB3FEB /* Extension */ = {
			isa = PBXGroup;
			children = (
				01C0CA0928E47C8F00D655BD /* NotificationName+Extension.swift */,
				019D78C728C872D200EB3FEB /* UIImageView+Extension.swift */,
				01C0C9AB28DADE4E00D655BD /* UIViewController+Extension.swift */,
			);
			path = Extension;
			sourceTree = "<group>";
		};
		01A18D362948661900DA45B0 /* CoreDataStorage */ = {
			isa = PBXGroup;
			children = (
				0120830C294B28E70077A81E /* CoreDataStorage.swift */,
				01C0C9F628E3E1F000D655BD /* CoreDataStorage.xcdatamodeld */,
				0120830E294B28F60077A81E /* Entity+Mapping */,
			);
			path = CoreDataStorage;
			sourceTree = "<group>";
		};
		01BBCB31291DE653004A2275 /* Common */ = {
			isa = PBXGroup;
			children = (
				013735A229417046006BDF79 /* BlackGradientImageView.swift */,
				01C0C9B228DAF48100D655BD /* PhotoCollectionViewCell.swift */,
				013ED83D2846146F00B242FE /* PinterestLayout.swift */,
			);
			path = Common;
			sourceTree = "<group>";
		};
		01C0C99C28D8A18700D655BD /* LikesPhotoList */ = {
			isa = PBXGroup;
			children = (
				0164B78E29432E8C00F30756 /* LikesPhotoCollectionViewCell.swift */,
				01C0C99D28D8A19B00D655BD /* LikesPhotoListViewController.swift */,
				01D55B13294870B600D1D5A3 /* LikesPhotoListViewModel.swift */,
			);
			path = LikesPhotoList;
			sourceTree = "<group>";
		};
		01C0C9A528DA98FD00D655BD /* PhotoList */ = {
			isa = PBXGroup;
			children = (
				01C0C9A328DA98F900D655BD /* PhotoListViewController.swift */,
				01B49FCB2944236A0027A01E /* PhotoListViewModel.swift */,
			);
			path = PhotoList;
			sourceTree = "<group>";
		};
		01C0C9AA28DAD88800D655BD /* Common */ = {
			isa = PBXGroup;
			children = (
				01C0C9AD28DAE30D00D655BD /* Alert.swift */,
				015C93B4283880BA009F2498 /* ImageCacheManager.swift */,
				01208303294981D60077A81E /* ImageSaveManager.swift */,
				019D78CB28C8B1BB00EB3FEB /* Extension */,
			);
			path = Common;
			sourceTree = "<group>";
		};
		01C0C9AF28DAE39F00D655BD /* Network */ = {
			isa = PBXGroup;
			children = (
				019D78CC28C9BA2E00EB3FEB /* API.swift */,
				019D78CE28C9C01F00EB3FEB /* NetworkService.swift */,
				015744F72844586400B3A6F7 /* Secrets.swift */,
				0164B7AC29441B4500F30756 /* TargetType.swift */,
				01C0C9D028DC8FD300D655BD /* URLSessionDataTaskProtocol.swift */,
				01C0C9CE28DC8B7300D655BD /* URLSessionProtocol.swift */,
			);
			path = Network;
			sourceTree = "<group>";
		};
		01C0C9BF28DC443600D655BD /* UnsplashTests */ = {
			isa = PBXGroup;
			children = (
				01B49FE529446EDD0027A01E /* PhotoListViewModelTests.swift */,
				01C0C9D828DCC27B00D655BD /* Network */,
			);
			path = UnsplashTests;
			sourceTree = "<group>";
		};
		01C0C9D828DCC27B00D655BD /* Network */ = {
			isa = PBXGroup;
			children = (
				010CDAFB28E9CD5900F796C1 /* content.json */,
				01C0C9C728DC45BE00D655BD /* NetworkServiceTests.swift */,
				01C0C9D628DC976400D655BD /* MockURLSession.swift */,
				01C0C9D428DC973C00D655BD /* MockURLSessionDataTask.swift */,
			);
			path = Network;
			sourceTree = "<group>";
		};
		01C0C9F228E286E700D655BD /* TopicList */ = {
			isa = PBXGroup;
			children = (
				01C0C9DF28DDD85800D655BD /* TopicListCollectionViewCell.swift */,
				01D9D2DA281F7B1B00E308D4 /* TopicListViewController.swift */,
				01B49FE82944AAAF0027A01E /* TopicListViewModel.swift */,
			);
			path = TopicList;
			sourceTree = "<group>";
		};
		01C0C9F528E3DC3B00D655BD /* Search */ = {
			isa = PBXGroup;
			children = (
				0128D1A12897BF5F00D17627 /* SearchResult */,
				01C0C9F228E286E700D655BD /* TopicList */,
				010CDADB28E6EDB100F796C1 /* TopicPhotoList */,
			);
			path = Search;
			sourceTree = "<group>";
		};
		01D9D2B6281F71C400E308D4 = {
			isa = PBXGroup;
			children = (
				01D9D2C1281F71C400E308D4 /* Unsplash */,
				01C0C9BF28DC443600D655BD /* UnsplashTests */,
				01D9D2C0281F71C400E308D4 /* Products */,
			);
			sourceTree = "<group>";
		};
		01D9D2C0281F71C400E308D4 /* Products */ = {
			isa = PBXGroup;
			children = (
				01D9D2BF281F71C400E308D4 /* Unsplash.app */,
				01C0C9BE28DC443600D655BD /* UnsplashTests.xctest */,
			);
			name = Products;
			sourceTree = "<group>";
		};
		01D9D2C1281F71C400E308D4 /* Unsplash */ = {
			isa = PBXGroup;
			children = (
				016561CE282CE7B400437475 /* Application */,
				01C0C9AA28DAD88800D655BD /* Common */,
				0164B7912943903000F30756 /* Data */,
				0164B7902943902C00F30756 /* Domain */,
				0164B7AB29441AE200F30756 /* Infrastructure */,
				0194CD332822A5240006470D /* Presentation */,
				0128D1AA289942E900D17627 /* Resource */,
			);
			path = Unsplash;
			sourceTree = "<group>";
		};
/* End PBXGroup section */

/* Begin PBXNativeTarget section */
		01C0C9BD28DC443600D655BD /* UnsplashTests */ = {
			isa = PBXNativeTarget;
			buildConfigurationList = 01C0C9C428DC443600D655BD /* Build configuration list for PBXNativeTarget "UnsplashTests" */;
			buildPhases = (
				01C0C9BA28DC443600D655BD /* Sources */,
				01C0C9BB28DC443600D655BD /* Frameworks */,
				01C0C9BC28DC443600D655BD /* Resources */,
			);
			buildRules = (
			);
			dependencies = (
				01C0C9C328DC443600D655BD /* PBXTargetDependency */,
			);
			name = UnsplashTests;
			productName = UnsplashTests;
			productReference = 01C0C9BE28DC443600D655BD /* UnsplashTests.xctest */;
			productType = "com.apple.product-type.bundle.unit-test";
		};
		01D9D2BE281F71C400E308D4 /* Unsplash */ = {
			isa = PBXNativeTarget;
			buildConfigurationList = 01D9D2D3281F71C700E308D4 /* Build configuration list for PBXNativeTarget "Unsplash" */;
			buildPhases = (
				01D9D2BB281F71C400E308D4 /* Sources */,
				01D9D2BC281F71C400E308D4 /* Frameworks */,
				01D9D2BD281F71C400E308D4 /* Resources */,
			);
			buildRules = (
			);
			dependencies = (
			);
			name = Unsplash;
			packageProductDependencies = (
			);
			productName = Unsplash;
			productReference = 01D9D2BF281F71C400E308D4 /* Unsplash.app */;
			productType = "com.apple.product-type.application";
		};
/* End PBXNativeTarget section */

/* Begin PBXProject section */
		01D9D2B7281F71C400E308D4 /* Project object */ = {
			isa = PBXProject;
			attributes = {
				BuildIndependentTargetsInParallel = 1;
				LastSwiftUpdateCheck = 1400;
				LastUpgradeCheck = 1400;
				TargetAttributes = {
					01C0C9BD28DC443600D655BD = {
						CreatedOnToolsVersion = 14.0;
						TestTargetID = 01D9D2BE281F71C400E308D4;
					};
					01D9D2BE281F71C400E308D4 = {
						CreatedOnToolsVersion = 13.3.1;
					};
				};
			};
			buildConfigurationList = 01D9D2BA281F71C400E308D4 /* Build configuration list for PBXProject "Unsplash" */;
			compatibilityVersion = "Xcode 13.0";
			developmentRegion = en;
			hasScannedForEncodings = 0;
			knownRegions = (
				en,
				Base,
			);
			mainGroup = 01D9D2B6281F71C400E308D4;
			packageReferences = (
			);
			productRefGroup = 01D9D2C0281F71C400E308D4 /* Products */;
			projectDirPath = "";
			projectRoot = "";
			targets = (
				01D9D2BE281F71C400E308D4 /* Unsplash */,
				01C0C9BD28DC443600D655BD /* UnsplashTests */,
			);
		};
/* End PBXProject section */

/* Begin PBXResourcesBuildPhase section */
		01C0C9BC28DC443600D655BD /* Resources */ = {
			isa = PBXResourcesBuildPhase;
			buildActionMask = 2147483647;
			files = (
				010CDAFC28E9CD5900F796C1 /* content.json in Resources */,
			);
			runOnlyForDeploymentPostprocessing = 0;
		};
		01D9D2BD281F71C400E308D4 /* Resources */ = {
			isa = PBXResourcesBuildPhase;
			buildActionMask = 2147483647;
			files = (
				01D9D2CF281F71C700E308D4 /* LaunchScreen.storyboard in Resources */,
				01D9D2CC281F71C700E308D4 /* Assets.xcassets in Resources */,
				010CDB0028EA7BC900F796C1 /* content.json in Resources */,
			);
			runOnlyForDeploymentPostprocessing = 0;
		};
/* End PBXResourcesBuildPhase section */

/* Begin PBXSourcesBuildPhase section */
		01C0C9BA28DC443600D655BD /* Sources */ = {
			isa = PBXSourcesBuildPhase;
			buildActionMask = 2147483647;
			files = (
				01C0C9D728DC976400D655BD /* MockURLSession.swift in Sources */,
				01B49FE629446EDD0027A01E /* PhotoListViewModelTests.swift in Sources */,
				01C0C9D528DC973C00D655BD /* MockURLSessionDataTask.swift in Sources */,
				01C0C9C828DC45BE00D655BD /* NetworkServiceTests.swift in Sources */,
			);
			runOnlyForDeploymentPostprocessing = 0;
		};
		01D9D2BB281F71C400E308D4 /* Sources */ = {
			isa = PBXSourcesBuildPhase;
			buildActionMask = 2147483647;
			files = (
				01C0C9AC28DADE4E00D655BD /* UIViewController+Extension.swift in Sources */,
				0164B7A529441A3300F30756 /* TopicRepository.swift in Sources */,
				01B49FE92944AAAF0027A01E /* TopicListViewModel.swift in Sources */,
				01C0C99E28D8A19B00D655BD /* LikesPhotoListViewController.swift in Sources */,
				01B49FFF294564B90027A01E /* TopicPhotoRepository.swift in Sources */,
				01A18D312948593000DA45B0 /* PhotoDetailViewModel.swift in Sources */,
				01D9D2DB281F7B1B00E308D4 /* TopicListViewController.swift in Sources */,
				01C0C9A428DA98F900D655BD /* PhotoListViewController.swift in Sources */,
				01A18D2A2947527B00DA45B0 /* PhotoDetailCollectionViewCell.swift in Sources */,
				01D9D2C3281F71C400E308D4 /* AppDelegate.swift in Sources */,
				0164B79D294393A900F30756 /* TopicResponseDTO+Mapping.swift in Sources */,
				0164B78F29432E8C00F30756 /* LikesPhotoCollectionViewCell.swift in Sources */,
				015C93B5283880BA009F2498 /* ImageCacheManager.swift in Sources */,
				01B49FEF2944B2A40027A01E /* DefaultPhotoSearchRepository.swift in Sources */,
				01B4A0032945654C0027A01E /* DefaultTopicPhotoRepository.swift in Sources */,
				0164B79B2943935600F30756 /* SearchResponseDTO.swift in Sources */,
				0164B799294390CF00F30756 /* PhotoResponseDTO+Mapping.swift in Sources */,
				013735A329417046006BDF79 /* BlackGradientImageView.swift in Sources */,
				01A18D382948689100DA45B0 /* DefaultPhotoCoreDataRepository.swift in Sources */,
				0164B79F294393E200F30756 /* Topic.swift in Sources */,
				01B49FF12944B2D70027A01E /* PhotoSearchRequestDTO.swift in Sources */,
				01C0C9CF28DC8B7300D655BD /* URLSessionProtocol.swift in Sources */,
				01B49FCA29441CF40027A01E /* PhotoRequestDTO.swift in Sources */,
				01B4A001294564E70027A01E /* TopicPhotoRequestDTO.swift in Sources */,
				01C0C9E028DDD85800D655BD /* TopicListCollectionViewCell.swift in Sources */,
				019D78CD28C9BA2E00EB3FEB /* API.swift in Sources */,
				01D55B14294870B600D1D5A3 /* LikesPhotoListViewModel.swift in Sources */,
				01D9D2C5281F71C400E308D4 /* SceneDelegate.swift in Sources */,
				01C0C9B328DAF48100D655BD /* PhotoCollectionViewCell.swift in Sources */,
				019D78C828C872D200EB3FEB /* UIImageView+Extension.swift in Sources */,
				0120830D294B28E70077A81E /* CoreDataStorage.swift in Sources */,
				01208310294B290B0077A81E /* PhotoEntity+Mapping.swift in Sources */,
				01B4A0072947115D0027A01E /* MainTabBarController.swift in Sources */,
				01C0C9F828E3E1F000D655BD /* CoreDataStorage.xcdatamodeld in Sources */,
				012FAF4F2956E66F001624E6 /* GetTopicPhotoListUseCase.swift in Sources */,
				0164B7AA29441ABD00F30756 /* DefaultPhotoRepository.swift in Sources */,
				01A18D352948647400DA45B0 /* TopicRequestDTO.swift in Sources */,
				013ED83E2846146F00B242FE /* PinterestLayout.swift in Sources */,
				0164B7952943905C00F30756 /* Photo.swift in Sources */,
				0164B7A32944190F00F30756 /* PhotoRepository.swift in Sources */,
				0164B7AD29441B4500F30756 /* TargetType.swift in Sources */,
				01C0C9F128E286D400D655BD /* SearchResultViewController.swift in Sources */,
				01B49FCC2944236A0027A01E /* PhotoListViewModel.swift in Sources */,
				01C0C9E228DE973900D655BD /* TopicPhotoListViewController.swift in Sources */,
				01208304294981D60077A81E /* ImageSaveManager.swift in Sources */,
				01B49FFD2944F2F30027A01E /* TopicPhotoListViewModel.swift in Sources */,
				01B49FED2944B2210027A01E /* SearchResultViewModel.swift in Sources */,
				019D78CF28C9C01F00EB3FEB /* NetworkService.swift in Sources */,
				01A18D332948625900DA45B0 /* PhotoCoreDataRepository.swift in Sources */,
				012FAF4B2956D583001624E6 /* GetPhotoListUseCase.swift in Sources */,
				01C0CA0A28E47C8F00D655BD /* NotificationName+Extension.swift in Sources */,
				01C0C9D128DC8FD300D655BD /* URLSessionDataTaskProtocol.swift in Sources */,
				01C0C9AE28DAE30D00D655BD /* Alert.swift in Sources */,
				012FAF4D2956E56D001624E6 /* GetTopicListUseCase.swift in Sources */,
				01B49FEB2944AB420027A01E /* DefaultTopicRepository.swift in Sources */,
				014C20CA2959691B007F06B0 /* GetPhotoSearchListUseCase.swift in Sources */,
				0132BAF52820C62E00E7A81A /* PhotoDetailViewController.swift in Sources */,
				015744F82844586400B3A6F7 /* Secrets.swift in Sources */,
				0164B7A729441A5C00F30756 /* PhotoSearchRepository.swift in Sources */,
			);
			runOnlyForDeploymentPostprocessing = 0;
		};
/* End PBXSourcesBuildPhase section */

/* Begin PBXTargetDependency section */
		01C0C9C328DC443600D655BD /* PBXTargetDependency */ = {
			isa = PBXTargetDependency;
			target = 01D9D2BE281F71C400E308D4 /* Unsplash */;
			targetProxy = 01C0C9C228DC443600D655BD /* PBXContainerItemProxy */;
		};
/* End PBXTargetDependency section */

/* Begin PBXVariantGroup section */
		01D9D2CD281F71C700E308D4 /* LaunchScreen.storyboard */ = {
			isa = PBXVariantGroup;
			children = (
				01D9D2CE281F71C700E308D4 /* Base */,
			);
			name = LaunchScreen.storyboard;
			sourceTree = "<group>";
		};
/* End PBXVariantGroup section */

/* Begin XCBuildConfiguration section */
		01C0C9C528DC443600D655BD /* Debug */ = {
			isa = XCBuildConfiguration;
			buildSettings = {
				BUNDLE_LOADER = "$(TEST_HOST)";
				CLANG_CXX_LANGUAGE_STANDARD = "gnu++20";
				CODE_SIGN_STYLE = Automatic;
				CURRENT_PROJECT_VERSION = 1;
				DEAD_CODE_STRIPPING = YES;
				DEVELOPMENT_TEAM = WB3J5J4ZWS;
				GENERATE_INFOPLIST_FILE = YES;
				IPHONEOS_DEPLOYMENT_TARGET = 14.0;
				MACOSX_DEPLOYMENT_TARGET = 12.3;
				MARKETING_VERSION = 1.0;
				PRODUCT_BUNDLE_IDENTIFIER = com.rae.UnsplashTests;
				PRODUCT_NAME = "$(TARGET_NAME)";
				SDKROOT = auto;
				SUPPORTED_PLATFORMS = "iphoneos iphonesimulator";
				SUPPORTS_MACCATALYST = NO;
				SUPPORTS_MAC_DESIGNED_FOR_IPHONE_IPAD = NO;
				SWIFT_EMIT_LOC_STRINGS = NO;
				SWIFT_VERSION = 5.0;
				TARGETED_DEVICE_FAMILY = 1;
				TEST_HOST = "$(BUILT_PRODUCTS_DIR)/Unsplash.app/$(BUNDLE_EXECUTABLE_FOLDER_PATH)/Unsplash";
			};
			name = Debug;
		};
		01C0C9C628DC443600D655BD /* Release */ = {
			isa = XCBuildConfiguration;
			buildSettings = {
				BUNDLE_LOADER = "$(TEST_HOST)";
				CLANG_CXX_LANGUAGE_STANDARD = "gnu++20";
				CODE_SIGN_STYLE = Automatic;
				CURRENT_PROJECT_VERSION = 1;
				DEAD_CODE_STRIPPING = YES;
				DEVELOPMENT_TEAM = WB3J5J4ZWS;
				GENERATE_INFOPLIST_FILE = YES;
				IPHONEOS_DEPLOYMENT_TARGET = 14.0;
				MACOSX_DEPLOYMENT_TARGET = 12.3;
				MARKETING_VERSION = 1.0;
				PRODUCT_BUNDLE_IDENTIFIER = com.rae.UnsplashTests;
				PRODUCT_NAME = "$(TARGET_NAME)";
				SDKROOT = auto;
				SUPPORTED_PLATFORMS = "iphoneos iphonesimulator";
				SUPPORTS_MACCATALYST = NO;
				SUPPORTS_MAC_DESIGNED_FOR_IPHONE_IPAD = NO;
				SWIFT_EMIT_LOC_STRINGS = NO;
				SWIFT_VERSION = 5.0;
				TARGETED_DEVICE_FAMILY = 1;
				TEST_HOST = "$(BUILT_PRODUCTS_DIR)/Unsplash.app/$(BUNDLE_EXECUTABLE_FOLDER_PATH)/Unsplash";
			};
			name = Release;
		};
		01D9D2D1281F71C700E308D4 /* Debug */ = {
			isa = XCBuildConfiguration;
			buildSettings = {
				ALWAYS_SEARCH_USER_PATHS = NO;
				CLANG_ANALYZER_NONNULL = YES;
				CLANG_ANALYZER_NUMBER_OBJECT_CONVERSION = YES_AGGRESSIVE;
				CLANG_CXX_LANGUAGE_STANDARD = "gnu++17";
				CLANG_ENABLE_MODULES = YES;
				CLANG_ENABLE_OBJC_ARC = YES;
				CLANG_ENABLE_OBJC_WEAK = YES;
				CLANG_WARN_BLOCK_CAPTURE_AUTORELEASING = YES;
				CLANG_WARN_BOOL_CONVERSION = YES;
				CLANG_WARN_COMMA = YES;
				CLANG_WARN_CONSTANT_CONVERSION = YES;
				CLANG_WARN_DEPRECATED_OBJC_IMPLEMENTATIONS = YES;
				CLANG_WARN_DIRECT_OBJC_ISA_USAGE = YES_ERROR;
				CLANG_WARN_DOCUMENTATION_COMMENTS = YES;
				CLANG_WARN_EMPTY_BODY = YES;
				CLANG_WARN_ENUM_CONVERSION = YES;
				CLANG_WARN_INFINITE_RECURSION = YES;
				CLANG_WARN_INT_CONVERSION = YES;
				CLANG_WARN_NON_LITERAL_NULL_CONVERSION = YES;
				CLANG_WARN_OBJC_IMPLICIT_RETAIN_SELF = YES;
				CLANG_WARN_OBJC_LITERAL_CONVERSION = YES;
				CLANG_WARN_OBJC_ROOT_CLASS = YES_ERROR;
				CLANG_WARN_QUOTED_INCLUDE_IN_FRAMEWORK_HEADER = YES;
				CLANG_WARN_RANGE_LOOP_ANALYSIS = YES;
				CLANG_WARN_STRICT_PROTOTYPES = YES;
				CLANG_WARN_SUSPICIOUS_MOVE = YES;
				CLANG_WARN_UNGUARDED_AVAILABILITY = YES_AGGRESSIVE;
				CLANG_WARN_UNREACHABLE_CODE = YES;
				CLANG_WARN__DUPLICATE_METHOD_MATCH = YES;
				COPY_PHASE_STRIP = NO;
				DEBUG_INFORMATION_FORMAT = dwarf;
				ENABLE_STRICT_OBJC_MSGSEND = YES;
				ENABLE_TESTABILITY = YES;
				GCC_C_LANGUAGE_STANDARD = gnu11;
				GCC_DYNAMIC_NO_PIC = NO;
				GCC_NO_COMMON_BLOCKS = YES;
				GCC_OPTIMIZATION_LEVEL = 0;
				GCC_PREPROCESSOR_DEFINITIONS = (
					"DEBUG=1",
					"$(inherited)",
				);
				GCC_WARN_64_TO_32_BIT_CONVERSION = YES;
				GCC_WARN_ABOUT_RETURN_TYPE = YES_ERROR;
				GCC_WARN_UNDECLARED_SELECTOR = YES;
				GCC_WARN_UNINITIALIZED_AUTOS = YES_AGGRESSIVE;
				GCC_WARN_UNUSED_FUNCTION = YES;
				GCC_WARN_UNUSED_VARIABLE = YES;
				IPHONEOS_DEPLOYMENT_TARGET = 13.0;
				MTL_ENABLE_DEBUG_INFO = INCLUDE_SOURCE;
				MTL_FAST_MATH = YES;
				ONLY_ACTIVE_ARCH = YES;
				SDKROOT = iphoneos;
				SWIFT_ACTIVE_COMPILATION_CONDITIONS = DEBUG;
				SWIFT_OPTIMIZATION_LEVEL = "-Onone";
			};
			name = Debug;
		};
		01D9D2D2281F71C700E308D4 /* Release */ = {
			isa = XCBuildConfiguration;
			buildSettings = {
				ALWAYS_SEARCH_USER_PATHS = NO;
				CLANG_ANALYZER_NONNULL = YES;
				CLANG_ANALYZER_NUMBER_OBJECT_CONVERSION = YES_AGGRESSIVE;
				CLANG_CXX_LANGUAGE_STANDARD = "gnu++17";
				CLANG_ENABLE_MODULES = YES;
				CLANG_ENABLE_OBJC_ARC = YES;
				CLANG_ENABLE_OBJC_WEAK = YES;
				CLANG_WARN_BLOCK_CAPTURE_AUTORELEASING = YES;
				CLANG_WARN_BOOL_CONVERSION = YES;
				CLANG_WARN_COMMA = YES;
				CLANG_WARN_CONSTANT_CONVERSION = YES;
				CLANG_WARN_DEPRECATED_OBJC_IMPLEMENTATIONS = YES;
				CLANG_WARN_DIRECT_OBJC_ISA_USAGE = YES_ERROR;
				CLANG_WARN_DOCUMENTATION_COMMENTS = YES;
				CLANG_WARN_EMPTY_BODY = YES;
				CLANG_WARN_ENUM_CONVERSION = YES;
				CLANG_WARN_INFINITE_RECURSION = YES;
				CLANG_WARN_INT_CONVERSION = YES;
				CLANG_WARN_NON_LITERAL_NULL_CONVERSION = YES;
				CLANG_WARN_OBJC_IMPLICIT_RETAIN_SELF = YES;
				CLANG_WARN_OBJC_LITERAL_CONVERSION = YES;
				CLANG_WARN_OBJC_ROOT_CLASS = YES_ERROR;
				CLANG_WARN_QUOTED_INCLUDE_IN_FRAMEWORK_HEADER = YES;
				CLANG_WARN_RANGE_LOOP_ANALYSIS = YES;
				CLANG_WARN_STRICT_PROTOTYPES = YES;
				CLANG_WARN_SUSPICIOUS_MOVE = YES;
				CLANG_WARN_UNGUARDED_AVAILABILITY = YES_AGGRESSIVE;
				CLANG_WARN_UNREACHABLE_CODE = YES;
				CLANG_WARN__DUPLICATE_METHOD_MATCH = YES;
				COPY_PHASE_STRIP = NO;
				DEBUG_INFORMATION_FORMAT = "dwarf-with-dsym";
				ENABLE_NS_ASSERTIONS = NO;
				ENABLE_STRICT_OBJC_MSGSEND = YES;
				GCC_C_LANGUAGE_STANDARD = gnu11;
				GCC_NO_COMMON_BLOCKS = YES;
				GCC_WARN_64_TO_32_BIT_CONVERSION = YES;
				GCC_WARN_ABOUT_RETURN_TYPE = YES_ERROR;
				GCC_WARN_UNDECLARED_SELECTOR = YES;
				GCC_WARN_UNINITIALIZED_AUTOS = YES_AGGRESSIVE;
				GCC_WARN_UNUSED_FUNCTION = YES;
				GCC_WARN_UNUSED_VARIABLE = YES;
				IPHONEOS_DEPLOYMENT_TARGET = 13.0;
				MTL_ENABLE_DEBUG_INFO = NO;
				MTL_FAST_MATH = YES;
				SDKROOT = iphoneos;
				SWIFT_COMPILATION_MODE = wholemodule;
				SWIFT_OPTIMIZATION_LEVEL = "-O";
				VALIDATE_PRODUCT = YES;
			};
			name = Release;
		};
		01D9D2D4281F71C700E308D4 /* Debug */ = {
			isa = XCBuildConfiguration;
			buildSettings = {
				ASSETCATALOG_COMPILER_APPICON_NAME = AppIcon;
				ASSETCATALOG_COMPILER_GLOBAL_ACCENT_COLOR_NAME = AccentColor;
				CODE_SIGN_STYLE = Automatic;
				CURRENT_PROJECT_VERSION = 1;
				DEVELOPMENT_TEAM = WB3J5J4ZWS;
				GENERATE_INFOPLIST_FILE = YES;
				INFOPLIST_FILE = Unsplash/Resource/Info.plist;
				INFOPLIST_KEY_UIApplicationSupportsIndirectInputEvents = YES;
				INFOPLIST_KEY_UILaunchStoryboardName = LaunchScreen;
				INFOPLIST_KEY_UISupportedInterfaceOrientations = UIInterfaceOrientationPortrait;
				INFOPLIST_KEY_UISupportedInterfaceOrientations_iPad = "UIInterfaceOrientationPortrait UIInterfaceOrientationPortraitUpsideDown UIInterfaceOrientationLandscapeLeft UIInterfaceOrientationLandscapeRight";
				INFOPLIST_KEY_UISupportedInterfaceOrientations_iPhone = "UIInterfaceOrientationPortrait UIInterfaceOrientationLandscapeLeft UIInterfaceOrientationLandscapeRight";
				IPHONEOS_DEPLOYMENT_TARGET = 13.0;
				LD_RUNPATH_SEARCH_PATHS = (
					"$(inherited)",
					"@executable_path/Frameworks",
				);
				MARKETING_VERSION = 1.0;
				PRODUCT_BUNDLE_IDENTIFIER = com.rae.Unsplash;
				PRODUCT_NAME = "$(TARGET_NAME)";
				SUPPORTED_PLATFORMS = "iphoneos iphonesimulator";
				SUPPORTS_MACCATALYST = NO;
				SUPPORTS_MAC_DESIGNED_FOR_IPHONE_IPAD = NO;
				SWIFT_EMIT_LOC_STRINGS = YES;
				SWIFT_VERSION = 5.0;
				TARGETED_DEVICE_FAMILY = 1;
			};
			name = Debug;
		};
		01D9D2D5281F71C700E308D4 /* Release */ = {
			isa = XCBuildConfiguration;
			buildSettings = {
				ASSETCATALOG_COMPILER_APPICON_NAME = AppIcon;
				ASSETCATALOG_COMPILER_GLOBAL_ACCENT_COLOR_NAME = AccentColor;
				CODE_SIGN_STYLE = Automatic;
				CURRENT_PROJECT_VERSION = 1;
				DEVELOPMENT_TEAM = WB3J5J4ZWS;
				GENERATE_INFOPLIST_FILE = YES;
				INFOPLIST_FILE = Unsplash/Resource/Info.plist;
				INFOPLIST_KEY_UIApplicationSupportsIndirectInputEvents = YES;
				INFOPLIST_KEY_UILaunchStoryboardName = LaunchScreen;
				INFOPLIST_KEY_UISupportedInterfaceOrientations = UIInterfaceOrientationPortrait;
				INFOPLIST_KEY_UISupportedInterfaceOrientations_iPad = "UIInterfaceOrientationPortrait UIInterfaceOrientationPortraitUpsideDown UIInterfaceOrientationLandscapeLeft UIInterfaceOrientationLandscapeRight";
				INFOPLIST_KEY_UISupportedInterfaceOrientations_iPhone = "UIInterfaceOrientationPortrait UIInterfaceOrientationLandscapeLeft UIInterfaceOrientationLandscapeRight";
				IPHONEOS_DEPLOYMENT_TARGET = 13.0;
				LD_RUNPATH_SEARCH_PATHS = (
					"$(inherited)",
					"@executable_path/Frameworks",
				);
				MARKETING_VERSION = 1.0;
				PRODUCT_BUNDLE_IDENTIFIER = com.rae.Unsplash;
				PRODUCT_NAME = "$(TARGET_NAME)";
				SUPPORTED_PLATFORMS = "iphoneos iphonesimulator";
				SUPPORTS_MACCATALYST = NO;
				SUPPORTS_MAC_DESIGNED_FOR_IPHONE_IPAD = NO;
				SWIFT_EMIT_LOC_STRINGS = YES;
				SWIFT_VERSION = 5.0;
				TARGETED_DEVICE_FAMILY = 1;
			};
			name = Release;
		};
/* End XCBuildConfiguration section */

/* Begin XCConfigurationList section */
		01C0C9C428DC443600D655BD /* Build configuration list for PBXNativeTarget "UnsplashTests" */ = {
			isa = XCConfigurationList;
			buildConfigurations = (
				01C0C9C528DC443600D655BD /* Debug */,
				01C0C9C628DC443600D655BD /* Release */,
			);
			defaultConfigurationIsVisible = 0;
			defaultConfigurationName = Release;
		};
		01D9D2BA281F71C400E308D4 /* Build configuration list for PBXProject "Unsplash" */ = {
			isa = XCConfigurationList;
			buildConfigurations = (
				01D9D2D1281F71C700E308D4 /* Debug */,
				01D9D2D2281F71C700E308D4 /* Release */,
			);
			defaultConfigurationIsVisible = 0;
			defaultConfigurationName = Release;
		};
		01D9D2D3281F71C700E308D4 /* Build configuration list for PBXNativeTarget "Unsplash" */ = {
			isa = XCConfigurationList;
			buildConfigurations = (
				01D9D2D4281F71C700E308D4 /* Debug */,
				01D9D2D5281F71C700E308D4 /* Release */,
			);
			defaultConfigurationIsVisible = 0;
			defaultConfigurationName = Release;
		};
/* End XCConfigurationList section */

/* Begin XCVersionGroup section */
		01C0C9F628E3E1F000D655BD /* CoreDataStorage.xcdatamodeld */ = {
			isa = XCVersionGroup;
			children = (
				01C0C9F728E3E1F000D655BD /* Unsplash.xcdatamodel */,
			);
			currentVersion = 01C0C9F728E3E1F000D655BD /* Unsplash.xcdatamodel */;
			path = CoreDataStorage.xcdatamodeld;
			sourceTree = "<group>";
			versionGroupType = wrapper.xcdatamodel;
		};
/* End XCVersionGroup section */
	};
	rootObject = 01D9D2B7281F71C400E308D4 /* Project object */;
}
