// !$*UTF8*$!
{
	archiveVersion = 1;
	classes = {
	};
	objectVersion = 55;
	objects = {

/* Begin PBXBuildFile section */
		0128D1A9289918A900D17627 /* ImageSaver.swift in Sources */ = {isa = PBXBuildFile; fileRef = 0128D1A8289918A900D17627 /* ImageSaver.swift */; };
		0132BAF52820C62E00E7A81A /* DetailViewController.swift in Sources */ = {isa = PBXBuildFile; fileRef = 0132BAF42820C62E00E7A81A /* DetailViewController.swift */; };
		0132BAF72820D34000E7A81A /* Topic.swift in Sources */ = {isa = PBXBuildFile; fileRef = 0132BAF62820D34000E7A81A /* Topic.swift */; };
		0132BAF92820F69400E7A81A /* CategoryTopicCollectionViewCell.swift in Sources */ = {isa = PBXBuildFile; fileRef = 0132BAF82820F69400E7A81A /* CategoryTopicCollectionViewCell.swift */; };
		013ED83E2846146F00B242FE /* PinterestLayout.swift in Sources */ = {isa = PBXBuildFile; fileRef = 013ED83D2846146F00B242FE /* PinterestLayout.swift */; };
		013ED840284618B800B242FE /* SearchPhotoCollectionViewCell.swift in Sources */ = {isa = PBXBuildFile; fileRef = 013ED83F284618B800B242FE /* SearchPhotoCollectionViewCell.swift */; };
		015744F82844586400B3A6F7 /* Secrets.swift in Sources */ = {isa = PBXBuildFile; fileRef = 015744F72844586400B3A6F7 /* Secrets.swift */; };
		015744FC28445B4B00B3A6F7 /* DetailPhotoCollectionViewCell.swift in Sources */ = {isa = PBXBuildFile; fileRef = 015744FA28445B4B00B3A6F7 /* DetailPhotoCollectionViewCell.swift */; };
		015C93B5283880BA009F2498 /* ImageCacheManager.swift in Sources */ = {isa = PBXBuildFile; fileRef = 015C93B4283880BA009F2498 /* ImageCacheManager.swift */; };
		016561DD282CFFB600437475 /* CategoryViewModel.swift in Sources */ = {isa = PBXBuildFile; fileRef = 016561DC282CFFB600437475 /* CategoryViewModel.swift */; };
		0194CD2428221CE40006470D /* PhotoEntity.swift in Sources */ = {isa = PBXBuildFile; fileRef = 0194CD2328221CE40006470D /* PhotoEntity.swift */; };
		019CE07E28D3188A009D4696 /* CategoryPhotoTableViewCell.swift in Sources */ = {isa = PBXBuildFile; fileRef = 019CE07D28D3188A009D4696 /* CategoryPhotoTableViewCell.swift */; };
		019CE08028D45F4C009D4696 /* Photo.swift in Sources */ = {isa = PBXBuildFile; fileRef = 019CE07F28D45F4C009D4696 /* Photo.swift */; };
		019CE08228D46A26009D4696 /* PhotoRepository.swift in Sources */ = {isa = PBXBuildFile; fileRef = 019CE08128D46A26009D4696 /* PhotoRepository.swift */; };
		019CE08428D4753D009D4696 /* PhotoService.swift in Sources */ = {isa = PBXBuildFile; fileRef = 019CE08328D4753D009D4696 /* PhotoService.swift */; };
		019CE08628D591CA009D4696 /* SearchRepository.swift in Sources */ = {isa = PBXBuildFile; fileRef = 019CE08528D591CA009D4696 /* SearchRepository.swift */; };
		019CE08828D59230009D4696 /* SearchService.swift in Sources */ = {isa = PBXBuildFile; fileRef = 019CE08728D59230009D4696 /* SearchService.swift */; };
		019D78C828C872D200EB3FEB /* UIImageView+Extension.swift in Sources */ = {isa = PBXBuildFile; fileRef = 019D78C728C872D200EB3FEB /* UIImageView+Extension.swift */; };
		019D78CA28C87DA700EB3FEB /* ImageLoader.swift in Sources */ = {isa = PBXBuildFile; fileRef = 019D78C928C87DA700EB3FEB /* ImageLoader.swift */; };
		019D78CD28C9BA2E00EB3FEB /* API.swift in Sources */ = {isa = PBXBuildFile; fileRef = 019D78CC28C9BA2E00EB3FEB /* API.swift */; };
		019D78CF28C9C01F00EB3FEB /* APICaller.swift in Sources */ = {isa = PBXBuildFile; fileRef = 019D78CE28C9C01F00EB3FEB /* APICaller.swift */; };
		01C0C99E28D8A19B00D655BD /* HeartViewController.swift in Sources */ = {isa = PBXBuildFile; fileRef = 01C0C99D28D8A19B00D655BD /* HeartViewController.swift */; };
		01C0C9A428DA98F900D655BD /* HomeViewController.swift in Sources */ = {isa = PBXBuildFile; fileRef = 01C0C9A328DA98F900D655BD /* HomeViewController.swift */; };
		01C0C9A728DA9FCA00D655BD /* HomeViewModel.swift in Sources */ = {isa = PBXBuildFile; fileRef = 01C0C9A628DA9FCA00D655BD /* HomeViewModel.swift */; };
		01C0C9AC28DADE4E00D655BD /* UIViewController+Extension.swift in Sources */ = {isa = PBXBuildFile; fileRef = 01C0C9AB28DADE4E00D655BD /* UIViewController+Extension.swift */; };
		01C0C9AE28DAE30D00D655BD /* Alert.swift in Sources */ = {isa = PBXBuildFile; fileRef = 01C0C9AD28DAE30D00D655BD /* Alert.swift */; };
		01C0C9B128DAEB9F00D655BD /* APIError.swift in Sources */ = {isa = PBXBuildFile; fileRef = 01C0C9B028DAEB9F00D655BD /* APIError.swift */; };
		01C0C9B328DAF48100D655BD /* HomeTableViewCell.swift in Sources */ = {isa = PBXBuildFile; fileRef = 01C0C9B228DAF48100D655BD /* HomeTableViewCell.swift */; };
		01C0C9B728DB414000D655BD /* HomeTableLoadingCell.swift in Sources */ = {isa = PBXBuildFile; fileRef = 01C0C9B628DB414000D655BD /* HomeTableLoadingCell.swift */; };
		01C0C9B928DC3D1D00D655BD /* Query.swift in Sources */ = {isa = PBXBuildFile; fileRef = 01C0C9B828DC3D1D00D655BD /* Query.swift */; };
		01C0C9C128DC443600D655BD /* UnsplashTests.swift in Sources */ = {isa = PBXBuildFile; fileRef = 01C0C9C028DC443600D655BD /* UnsplashTests.swift */; };
		01C0C9C828DC45BE00D655BD /* APICallerTests.swift in Sources */ = {isa = PBXBuildFile; fileRef = 01C0C9C728DC45BE00D655BD /* APICallerTests.swift */; };
		01C0C9CB28DC462800D655BD /* APITests.swift in Sources */ = {isa = PBXBuildFile; fileRef = 01C0C9CA28DC462800D655BD /* APITests.swift */; };
		01C70DC7283345D800185DF0 /* SearchViewModel.swift in Sources */ = {isa = PBXBuildFile; fileRef = 01C70DC6283345D800185DF0 /* SearchViewModel.swift */; };
		01C70DD32833849100185DF0 /* SearchEntity.swift in Sources */ = {isa = PBXBuildFile; fileRef = 01C70DD22833849100185DF0 /* SearchEntity.swift */; };
		01D9D2C3281F71C400E308D4 /* AppDelegate.swift in Sources */ = {isa = PBXBuildFile; fileRef = 01D9D2C2281F71C400E308D4 /* AppDelegate.swift */; };
		01D9D2C5281F71C400E308D4 /* SceneDelegate.swift in Sources */ = {isa = PBXBuildFile; fileRef = 01D9D2C4281F71C400E308D4 /* SceneDelegate.swift */; };
		01D9D2CC281F71C700E308D4 /* Assets.xcassets in Resources */ = {isa = PBXBuildFile; fileRef = 01D9D2CB281F71C700E308D4 /* Assets.xcassets */; };
		01D9D2CF281F71C700E308D4 /* LaunchScreen.storyboard in Resources */ = {isa = PBXBuildFile; fileRef = 01D9D2CD281F71C700E308D4 /* LaunchScreen.storyboard */; };
		01D9D2D7281F7A4F00E308D4 /* MainTabController.swift in Sources */ = {isa = PBXBuildFile; fileRef = 01D9D2D6281F7A4F00E308D4 /* MainTabController.swift */; };
		01D9D2D9281F7B1500E308D4 /* CategoryViewController.swift in Sources */ = {isa = PBXBuildFile; fileRef = 01D9D2D8281F7B1500E308D4 /* CategoryViewController.swift */; };
		01D9D2DB281F7B1B00E308D4 /* SearchViewController.swift in Sources */ = {isa = PBXBuildFile; fileRef = 01D9D2DA281F7B1B00E308D4 /* SearchViewController.swift */; };
/* End PBXBuildFile section */

/* Begin PBXContainerItemProxy section */
		01C0C9C228DC443600D655BD /* PBXContainerItemProxy */ = {
			isa = PBXContainerItemProxy;
			containerPortal = 01D9D2B7281F71C400E308D4 /* Project object */;
			proxyType = 1;
			remoteGlobalIDString = 01D9D2BE281F71C400E308D4;
			remoteInfo = Unsplash;
		};
/* End PBXContainerItemProxy section */

/* Begin PBXFileReference section */
		0128D1A8289918A900D17627 /* ImageSaver.swift */ = {isa = PBXFileReference; lastKnownFileType = sourcecode.swift; path = ImageSaver.swift; sourceTree = "<group>"; };
		0132BAF42820C62E00E7A81A /* DetailViewController.swift */ = {isa = PBXFileReference; lastKnownFileType = sourcecode.swift; path = DetailViewController.swift; sourceTree = "<group>"; };
		0132BAF62820D34000E7A81A /* Topic.swift */ = {isa = PBXFileReference; lastKnownFileType = sourcecode.swift; path = Topic.swift; sourceTree = "<group>"; };
		0132BAF82820F69400E7A81A /* CategoryTopicCollectionViewCell.swift */ = {isa = PBXFileReference; lastKnownFileType = sourcecode.swift; path = CategoryTopicCollectionViewCell.swift; sourceTree = "<group>"; };
		013ED83D2846146F00B242FE /* PinterestLayout.swift */ = {isa = PBXFileReference; lastKnownFileType = sourcecode.swift; path = PinterestLayout.swift; sourceTree = "<group>"; };
		013ED83F284618B800B242FE /* SearchPhotoCollectionViewCell.swift */ = {isa = PBXFileReference; lastKnownFileType = sourcecode.swift; path = SearchPhotoCollectionViewCell.swift; sourceTree = "<group>"; };
		015744F72844586400B3A6F7 /* Secrets.swift */ = {isa = PBXFileReference; lastKnownFileType = sourcecode.swift; path = Secrets.swift; sourceTree = "<group>"; };
		015744FA28445B4B00B3A6F7 /* DetailPhotoCollectionViewCell.swift */ = {isa = PBXFileReference; fileEncoding = 4; lastKnownFileType = sourcecode.swift; path = DetailPhotoCollectionViewCell.swift; sourceTree = "<group>"; };
		015C93B4283880BA009F2498 /* ImageCacheManager.swift */ = {isa = PBXFileReference; lastKnownFileType = sourcecode.swift; path = ImageCacheManager.swift; sourceTree = "<group>"; };
		016561DC282CFFB600437475 /* CategoryViewModel.swift */ = {isa = PBXFileReference; lastKnownFileType = sourcecode.swift; path = CategoryViewModel.swift; sourceTree = "<group>"; };
		0194CD2328221CE40006470D /* PhotoEntity.swift */ = {isa = PBXFileReference; lastKnownFileType = sourcecode.swift; path = PhotoEntity.swift; sourceTree = "<group>"; };
		019CE07D28D3188A009D4696 /* CategoryPhotoTableViewCell.swift */ = {isa = PBXFileReference; lastKnownFileType = sourcecode.swift; path = CategoryPhotoTableViewCell.swift; sourceTree = "<group>"; };
		019CE07F28D45F4C009D4696 /* Photo.swift */ = {isa = PBXFileReference; lastKnownFileType = sourcecode.swift; path = Photo.swift; sourceTree = "<group>"; };
		019CE08128D46A26009D4696 /* PhotoRepository.swift */ = {isa = PBXFileReference; lastKnownFileType = sourcecode.swift; path = PhotoRepository.swift; sourceTree = "<group>"; };
		019CE08328D4753D009D4696 /* PhotoService.swift */ = {isa = PBXFileReference; lastKnownFileType = sourcecode.swift; path = PhotoService.swift; sourceTree = "<group>"; };
		019CE08528D591CA009D4696 /* SearchRepository.swift */ = {isa = PBXFileReference; lastKnownFileType = sourcecode.swift; path = SearchRepository.swift; sourceTree = "<group>"; };
		019CE08728D59230009D4696 /* SearchService.swift */ = {isa = PBXFileReference; lastKnownFileType = sourcecode.swift; path = SearchService.swift; sourceTree = "<group>"; };
		019D78C728C872D200EB3FEB /* UIImageView+Extension.swift */ = {isa = PBXFileReference; lastKnownFileType = sourcecode.swift; path = "UIImageView+Extension.swift"; sourceTree = "<group>"; };
		019D78C928C87DA700EB3FEB /* ImageLoader.swift */ = {isa = PBXFileReference; fileEncoding = 4; lastKnownFileType = sourcecode.swift; path = ImageLoader.swift; sourceTree = "<group>"; };
		019D78CC28C9BA2E00EB3FEB /* API.swift */ = {isa = PBXFileReference; lastKnownFileType = sourcecode.swift; path = API.swift; sourceTree = "<group>"; };
		019D78CE28C9C01F00EB3FEB /* APICaller.swift */ = {isa = PBXFileReference; lastKnownFileType = sourcecode.swift; path = APICaller.swift; sourceTree = "<group>"; };
		01C0C99D28D8A19B00D655BD /* HeartViewController.swift */ = {isa = PBXFileReference; lastKnownFileType = sourcecode.swift; path = HeartViewController.swift; sourceTree = "<group>"; };
		01C0C9A328DA98F900D655BD /* HomeViewController.swift */ = {isa = PBXFileReference; lastKnownFileType = sourcecode.swift; path = HomeViewController.swift; sourceTree = "<group>"; };
		01C0C9A628DA9FCA00D655BD /* HomeViewModel.swift */ = {isa = PBXFileReference; lastKnownFileType = sourcecode.swift; path = HomeViewModel.swift; sourceTree = "<group>"; };
		01C0C9AB28DADE4E00D655BD /* UIViewController+Extension.swift */ = {isa = PBXFileReference; lastKnownFileType = sourcecode.swift; path = "UIViewController+Extension.swift"; sourceTree = "<group>"; };
		01C0C9AD28DAE30D00D655BD /* Alert.swift */ = {isa = PBXFileReference; lastKnownFileType = sourcecode.swift; path = Alert.swift; sourceTree = "<group>"; };
		01C0C9B028DAEB9F00D655BD /* APIError.swift */ = {isa = PBXFileReference; lastKnownFileType = sourcecode.swift; path = APIError.swift; sourceTree = "<group>"; };
		01C0C9B228DAF48100D655BD /* HomeTableViewCell.swift */ = {isa = PBXFileReference; lastKnownFileType = sourcecode.swift; path = HomeTableViewCell.swift; sourceTree = "<group>"; };
		01C0C9B628DB414000D655BD /* HomeTableLoadingCell.swift */ = {isa = PBXFileReference; lastKnownFileType = sourcecode.swift; path = HomeTableLoadingCell.swift; sourceTree = "<group>"; };
		01C0C9B828DC3D1D00D655BD /* Query.swift */ = {isa = PBXFileReference; lastKnownFileType = sourcecode.swift; path = Query.swift; sourceTree = "<group>"; };
		01C0C9BE28DC443600D655BD /* UnsplashTests.xctest */ = {isa = PBXFileReference; explicitFileType = wrapper.cfbundle; includeInIndex = 0; path = UnsplashTests.xctest; sourceTree = BUILT_PRODUCTS_DIR; };
		01C0C9C028DC443600D655BD /* UnsplashTests.swift */ = {isa = PBXFileReference; lastKnownFileType = sourcecode.swift; path = UnsplashTests.swift; sourceTree = "<group>"; };
		01C0C9C728DC45BE00D655BD /* APICallerTests.swift */ = {isa = PBXFileReference; lastKnownFileType = sourcecode.swift; path = APICallerTests.swift; sourceTree = "<group>"; };
		01C0C9CA28DC462800D655BD /* APITests.swift */ = {isa = PBXFileReference; lastKnownFileType = sourcecode.swift; path = APITests.swift; sourceTree = "<group>"; };
		01C70DC6283345D800185DF0 /* SearchViewModel.swift */ = {isa = PBXFileReference; lastKnownFileType = sourcecode.swift; path = SearchViewModel.swift; sourceTree = "<group>"; };
		01C70DD22833849100185DF0 /* SearchEntity.swift */ = {isa = PBXFileReference; lastKnownFileType = sourcecode.swift; path = SearchEntity.swift; sourceTree = "<group>"; };
		01D9D2BF281F71C400E308D4 /* Unsplash.app */ = {isa = PBXFileReference; explicitFileType = wrapper.application; includeInIndex = 0; path = Unsplash.app; sourceTree = BUILT_PRODUCTS_DIR; };
		01D9D2C2281F71C400E308D4 /* AppDelegate.swift */ = {isa = PBXFileReference; lastKnownFileType = sourcecode.swift; path = AppDelegate.swift; sourceTree = "<group>"; };
		01D9D2C4281F71C400E308D4 /* SceneDelegate.swift */ = {isa = PBXFileReference; lastKnownFileType = sourcecode.swift; path = SceneDelegate.swift; sourceTree = "<group>"; };
		01D9D2CB281F71C700E308D4 /* Assets.xcassets */ = {isa = PBXFileReference; lastKnownFileType = folder.assetcatalog; path = Assets.xcassets; sourceTree = "<group>"; };
		01D9D2CE281F71C700E308D4 /* Base */ = {isa = PBXFileReference; lastKnownFileType = file.storyboard; name = Base; path = Base.lproj/LaunchScreen.storyboard; sourceTree = "<group>"; };
		01D9D2D0281F71C700E308D4 /* Info.plist */ = {isa = PBXFileReference; lastKnownFileType = text.plist.xml; path = Info.plist; sourceTree = "<group>"; };
		01D9D2D6281F7A4F00E308D4 /* MainTabController.swift */ = {isa = PBXFileReference; lastKnownFileType = sourcecode.swift; path = MainTabController.swift; sourceTree = "<group>"; };
		01D9D2D8281F7B1500E308D4 /* CategoryViewController.swift */ = {isa = PBXFileReference; lastKnownFileType = sourcecode.swift; path = CategoryViewController.swift; sourceTree = "<group>"; };
		01D9D2DA281F7B1B00E308D4 /* SearchViewController.swift */ = {isa = PBXFileReference; lastKnownFileType = sourcecode.swift; path = SearchViewController.swift; sourceTree = "<group>"; };
/* End PBXFileReference section */

/* Begin PBXFrameworksBuildPhase section */
		01C0C9BB28DC443600D655BD /* Frameworks */ = {
			isa = PBXFrameworksBuildPhase;
			buildActionMask = 2147483647;
			files = (
			);
			runOnlyForDeploymentPostprocessing = 0;
		};
		01D9D2BC281F71C400E308D4 /* Frameworks */ = {
			isa = PBXFrameworksBuildPhase;
			buildActionMask = 2147483647;
			files = (
			);
			runOnlyForDeploymentPostprocessing = 0;
		};
/* End PBXFrameworksBuildPhase section */

/* Begin PBXGroup section */
		0128D1A02897BF5800D17627 /* Category */ = {
			isa = PBXGroup;
			children = (
				019CE07D28D3188A009D4696 /* CategoryPhotoTableViewCell.swift */,
				0132BAF82820F69400E7A81A /* CategoryTopicCollectionViewCell.swift */,
				01D9D2D8281F7B1500E308D4 /* CategoryViewController.swift */,
				016561DC282CFFB600437475 /* CategoryViewModel.swift */,
			);
			path = Category;
			sourceTree = "<group>";
		};
		0128D1A12897BF5F00D17627 /* Search */ = {
			isa = PBXGroup;
			children = (
				013ED83D2846146F00B242FE /* PinterestLayout.swift */,
				013ED83F284618B800B242FE /* SearchPhotoCollectionViewCell.swift */,
				01D9D2DA281F7B1B00E308D4 /* SearchViewController.swift */,
				01C70DC6283345D800185DF0 /* SearchViewModel.swift */,
			);
			path = Search;
			sourceTree = "<group>";
		};
		0128D1A22897BF6C00D17627 /* Detail */ = {
			isa = PBXGroup;
			children = (
				015744FA28445B4B00B3A6F7 /* DetailPhotoCollectionViewCell.swift */,
				0132BAF42820C62E00E7A81A /* DetailViewController.swift */,
			);
			path = Detail;
			sourceTree = "<group>";
		};
		0128D1AA289942E900D17627 /* Resource */ = {
			isa = PBXGroup;
			children = (
				01D9D2D0281F71C700E308D4 /* Info.plist */,
				01D9D2CD281F71C700E308D4 /* LaunchScreen.storyboard */,
				01D9D2CB281F71C700E308D4 /* Assets.xcassets */,
			);
			path = Resource;
			sourceTree = "<group>";
		};
		0128D1AB289943DA00D17627 /* Model */ = {
			isa = PBXGroup;
			children = (
				019CE07F28D45F4C009D4696 /* Photo.swift */,
				0194CD2328221CE40006470D /* PhotoEntity.swift */,
				019CE08128D46A26009D4696 /* PhotoRepository.swift */,
				019CE08328D4753D009D4696 /* PhotoService.swift */,
				01C70DD22833849100185DF0 /* SearchEntity.swift */,
				019CE08528D591CA009D4696 /* SearchRepository.swift */,
				019CE08728D59230009D4696 /* SearchService.swift */,
				0132BAF62820D34000E7A81A /* Topic.swift */,
			);
			path = Model;
			sourceTree = "<group>";
		};
		016561CE282CE7B400437475 /* Application */ = {
			isa = PBXGroup;
			children = (
				01D9D2C2281F71C400E308D4 /* AppDelegate.swift */,
				01D9D2C4281F71C400E308D4 /* SceneDelegate.swift */,
			);
			path = Application;
			sourceTree = "<group>";
		};
		0194CD332822A5240006470D /* Presentation */ = {
			isa = PBXGroup;
			children = (
				01D9D2D6281F7A4F00E308D4 /* MainTabController.swift */,
				01C0C9A528DA98FD00D655BD /* Home */,
				0128D1A02897BF5800D17627 /* Category */,
				0128D1A12897BF5F00D17627 /* Search */,
				0128D1A22897BF6C00D17627 /* Detail */,
				01C0C99C28D8A18700D655BD /* Heart */,
			);
			path = Presentation;
			sourceTree = "<group>";
		};
		019D78CB28C8B1BB00EB3FEB /* Extension */ = {
			isa = PBXGroup;
			children = (
				019D78C728C872D200EB3FEB /* UIImageView+Extension.swift */,
				01C0C9AB28DADE4E00D655BD /* UIViewController+Extension.swift */,
			);
			path = Extension;
			sourceTree = "<group>";
		};
		01C0C99C28D8A18700D655BD /* Heart */ = {
			isa = PBXGroup;
			children = (
				01C0C99D28D8A19B00D655BD /* HeartViewController.swift */,
			);
			path = Heart;
			sourceTree = "<group>";
		};
		01C0C9A528DA98FD00D655BD /* Home */ = {
			isa = PBXGroup;
			children = (
				01C0C9B228DAF48100D655BD /* HomeTableViewCell.swift */,
				01C0C9B628DB414000D655BD /* HomeTableLoadingCell.swift */,
				01C0C9A328DA98F900D655BD /* HomeViewController.swift */,
				01C0C9A628DA9FCA00D655BD /* HomeViewModel.swift */,
			);
			path = Home;
			sourceTree = "<group>";
		};
		01C0C9AA28DAD88800D655BD /* Common */ = {
			isa = PBXGroup;
			children = (
				01C0C9AD28DAE30D00D655BD /* Alert.swift */,
				0128D1A8289918A900D17627 /* ImageSaver.swift */,
				015C93B4283880BA009F2498 /* ImageCacheManager.swift */,
				019D78CB28C8B1BB00EB3FEB /* Extension */,
				0128D1AB289943DA00D17627 /* Model */,
			);
			path = Common;
			sourceTree = "<group>";
		};
		01C0C9AF28DAE39F00D655BD /* Network */ = {
			isa = PBXGroup;
			children = (
				019D78CC28C9BA2E00EB3FEB /* API.swift */,
				019D78CE28C9C01F00EB3FEB /* APICaller.swift */,
				01C0C9B028DAEB9F00D655BD /* APIError.swift */,
				01C0C9B828DC3D1D00D655BD /* Query.swift */,
				015744F72844586400B3A6F7 /* Secrets.swift */,
				019D78C928C87DA700EB3FEB /* ImageLoader.swift */,
			);
			path = Network;
			sourceTree = "<group>";
		};
		01C0C9BF28DC443600D655BD /* UnsplashTests */ = {
			isa = PBXGroup;
			children = (
				01C0C9C928DC461600D655BD /* Network */,
				01C0C9C028DC443600D655BD /* UnsplashTests.swift */,
			);
			path = UnsplashTests;
			sourceTree = "<group>";
		};
		01C0C9C928DC461600D655BD /* Network */ = {
			isa = PBXGroup;
			children = (
				01C0C9C728DC45BE00D655BD /* APICallerTests.swift */,
				01C0C9CA28DC462800D655BD /* APITests.swift */,
			);
			name = Network;
			sourceTree = "<group>";
		};
		01D9D2B6281F71C400E308D4 = {
			isa = PBXGroup;
			children = (
				01D9D2C1281F71C400E308D4 /* Unsplash */,
				01C0C9BF28DC443600D655BD /* UnsplashTests */,
				01D9D2C0281F71C400E308D4 /* Products */,
			);
			sourceTree = "<group>";
		};
		01D9D2C0281F71C400E308D4 /* Products */ = {
			isa = PBXGroup;
			children = (
				01D9D2BF281F71C400E308D4 /* Unsplash.app */,
				01C0C9BE28DC443600D655BD /* UnsplashTests.xctest */,
			);
			name = Products;
			sourceTree = "<group>";
		};
		01D9D2C1281F71C400E308D4 /* Unsplash */ = {
			isa = PBXGroup;
			children = (
				016561CE282CE7B400437475 /* Application */,
				01C0C9AA28DAD88800D655BD /* Common */,
				01C0C9AF28DAE39F00D655BD /* Network */,
				0194CD332822A5240006470D /* Presentation */,
				0128D1AA289942E900D17627 /* Resource */,
			);
			path = Unsplash;
			sourceTree = "<group>";
		};
/* End PBXGroup section */

/* Begin PBXNativeTarget section */
		01C0C9BD28DC443600D655BD /* UnsplashTests */ = {
			isa = PBXNativeTarget;
			buildConfigurationList = 01C0C9C428DC443600D655BD /* Build configuration list for PBXNativeTarget "UnsplashTests" */;
			buildPhases = (
				01C0C9BA28DC443600D655BD /* Sources */,
				01C0C9BB28DC443600D655BD /* Frameworks */,
				01C0C9BC28DC443600D655BD /* Resources */,
			);
			buildRules = (
			);
			dependencies = (
				01C0C9C328DC443600D655BD /* PBXTargetDependency */,
			);
			name = UnsplashTests;
			productName = UnsplashTests;
			productReference = 01C0C9BE28DC443600D655BD /* UnsplashTests.xctest */;
			productType = "com.apple.product-type.bundle.unit-test";
		};
		01D9D2BE281F71C400E308D4 /* Unsplash */ = {
			isa = PBXNativeTarget;
			buildConfigurationList = 01D9D2D3281F71C700E308D4 /* Build configuration list for PBXNativeTarget "Unsplash" */;
			buildPhases = (
				01D9D2BB281F71C400E308D4 /* Sources */,
				01D9D2BC281F71C400E308D4 /* Frameworks */,
				01D9D2BD281F71C400E308D4 /* Resources */,
			);
			buildRules = (
			);
			dependencies = (
			);
			name = Unsplash;
			productName = Unsplash;
			productReference = 01D9D2BF281F71C400E308D4 /* Unsplash.app */;
			productType = "com.apple.product-type.application";
		};
/* End PBXNativeTarget section */

/* Begin PBXProject section */
		01D9D2B7281F71C400E308D4 /* Project object */ = {
			isa = PBXProject;
			attributes = {
				BuildIndependentTargetsInParallel = 1;
				LastSwiftUpdateCheck = 1400;
				LastUpgradeCheck = 1330;
				TargetAttributes = {
					01C0C9BD28DC443600D655BD = {
						CreatedOnToolsVersion = 14.0;
						TestTargetID = 01D9D2BE281F71C400E308D4;
					};
					01D9D2BE281F71C400E308D4 = {
						CreatedOnToolsVersion = 13.3.1;
					};
				};
			};
			buildConfigurationList = 01D9D2BA281F71C400E308D4 /* Build configuration list for PBXProject "Unsplash" */;
			compatibilityVersion = "Xcode 13.0";
			developmentRegion = en;
			hasScannedForEncodings = 0;
			knownRegions = (
				en,
				Base,
			);
			mainGroup = 01D9D2B6281F71C400E308D4;
			productRefGroup = 01D9D2C0281F71C400E308D4 /* Products */;
			projectDirPath = "";
			projectRoot = "";
			targets = (
				01D9D2BE281F71C400E308D4 /* Unsplash */,
				01C0C9BD28DC443600D655BD /* UnsplashTests */,
			);
		};
/* End PBXProject section */

/* Begin PBXResourcesBuildPhase section */
		01C0C9BC28DC443600D655BD /* Resources */ = {
			isa = PBXResourcesBuildPhase;
			buildActionMask = 2147483647;
			files = (
			);
			runOnlyForDeploymentPostprocessing = 0;
		};
		01D9D2BD281F71C400E308D4 /* Resources */ = {
			isa = PBXResourcesBuildPhase;
			buildActionMask = 2147483647;
			files = (
				01D9D2CF281F71C700E308D4 /* LaunchScreen.storyboard in Resources */,
				01D9D2CC281F71C700E308D4 /* Assets.xcassets in Resources */,
			);
			runOnlyForDeploymentPostprocessing = 0;
		};
/* End PBXResourcesBuildPhase section */

/* Begin PBXSourcesBuildPhase section */
		01C0C9BA28DC443600D655BD /* Sources */ = {
			isa = PBXSourcesBuildPhase;
			buildActionMask = 2147483647;
			files = (
				01C0C9C128DC443600D655BD /* UnsplashTests.swift in Sources */,
				01C0C9C828DC45BE00D655BD /* APICallerTests.swift in Sources */,
				01C0C9CB28DC462800D655BD /* APITests.swift in Sources */,
			);
			runOnlyForDeploymentPostprocessing = 0;
		};
		01D9D2BB281F71C400E308D4 /* Sources */ = {
			isa = PBXSourcesBuildPhase;
			buildActionMask = 2147483647;
			files = (
				01C0C9AC28DADE4E00D655BD /* UIViewController+Extension.swift in Sources */,
				01C0C99E28D8A19B00D655BD /* HeartViewController.swift in Sources */,
				01D9D2DB281F7B1B00E308D4 /* SearchViewController.swift in Sources */,
				01C0C9B128DAEB9F00D655BD /* APIError.swift in Sources */,
				01C0C9A428DA98F900D655BD /* HomeViewController.swift in Sources */,
				01C0C9A728DA9FCA00D655BD /* HomeViewModel.swift in Sources */,
				01D9D2C3281F71C400E308D4 /* AppDelegate.swift in Sources */,
				015C93B5283880BA009F2498 /* ImageCacheManager.swift in Sources */,
				01D9D2D7281F7A4F00E308D4 /* MainTabController.swift in Sources */,
				0128D1A9289918A900D17627 /* ImageSaver.swift in Sources */,
				016561DD282CFFB600437475 /* CategoryViewModel.swift in Sources */,
				019CE08628D591CA009D4696 /* SearchRepository.swift in Sources */,
				01C0C9B728DB414000D655BD /* HomeTableLoadingCell.swift in Sources */,
				019CE08428D4753D009D4696 /* PhotoService.swift in Sources */,
				019D78CD28C9BA2E00EB3FEB /* API.swift in Sources */,
				015744FC28445B4B00B3A6F7 /* DetailPhotoCollectionViewCell.swift in Sources */,
				01D9D2C5281F71C400E308D4 /* SceneDelegate.swift in Sources */,
				01C0C9B328DAF48100D655BD /* HomeTableViewCell.swift in Sources */,
				019D78C828C872D200EB3FEB /* UIImageView+Extension.swift in Sources */,
				0194CD2428221CE40006470D /* PhotoEntity.swift in Sources */,
				019CE08228D46A26009D4696 /* PhotoRepository.swift in Sources */,
				01C0C9B928DC3D1D00D655BD /* Query.swift in Sources */,
				0132BAF72820D34000E7A81A /* Topic.swift in Sources */,
				019CE07E28D3188A009D4696 /* CategoryPhotoTableViewCell.swift in Sources */,
				019CE08028D45F4C009D4696 /* Photo.swift in Sources */,
				013ED83E2846146F00B242FE /* PinterestLayout.swift in Sources */,
				01D9D2D9281F7B1500E308D4 /* CategoryViewController.swift in Sources */,
				019D78CA28C87DA700EB3FEB /* ImageLoader.swift in Sources */,
				0132BAF92820F69400E7A81A /* CategoryTopicCollectionViewCell.swift in Sources */,
				013ED840284618B800B242FE /* SearchPhotoCollectionViewCell.swift in Sources */,
				01C70DD32833849100185DF0 /* SearchEntity.swift in Sources */,
				019D78CF28C9C01F00EB3FEB /* APICaller.swift in Sources */,
				01C70DC7283345D800185DF0 /* SearchViewModel.swift in Sources */,
				019CE08828D59230009D4696 /* SearchService.swift in Sources */,
				01C0C9AE28DAE30D00D655BD /* Alert.swift in Sources */,
				0132BAF52820C62E00E7A81A /* DetailViewController.swift in Sources */,
				015744F82844586400B3A6F7 /* Secrets.swift in Sources */,
			);
			runOnlyForDeploymentPostprocessing = 0;
		};
/* End PBXSourcesBuildPhase section */

/* Begin PBXTargetDependency section */
		01C0C9C328DC443600D655BD /* PBXTargetDependency */ = {
			isa = PBXTargetDependency;
			target = 01D9D2BE281F71C400E308D4 /* Unsplash */;
			targetProxy = 01C0C9C228DC443600D655BD /* PBXContainerItemProxy */;
		};
/* End PBXTargetDependency section */

/* Begin PBXVariantGroup section */
		01D9D2CD281F71C700E308D4 /* LaunchScreen.storyboard */ = {
			isa = PBXVariantGroup;
			children = (
				01D9D2CE281F71C700E308D4 /* Base */,
			);
			name = LaunchScreen.storyboard;
			sourceTree = "<group>";
		};
/* End PBXVariantGroup section */

/* Begin XCBuildConfiguration section */
		01C0C9C528DC443600D655BD /* Debug */ = {
			isa = XCBuildConfiguration;
			buildSettings = {
				BUNDLE_LOADER = "$(TEST_HOST)";
				CLANG_CXX_LANGUAGE_STANDARD = "gnu++20";
				CODE_SIGN_STYLE = Automatic;
				CURRENT_PROJECT_VERSION = 1;
				DEVELOPMENT_TEAM = WB3J5J4ZWS;
				GENERATE_INFOPLIST_FILE = YES;
				IPHONEOS_DEPLOYMENT_TARGET = 16.0;
				MACOSX_DEPLOYMENT_TARGET = 12.3;
				MARKETING_VERSION = 1.0;
				PRODUCT_BUNDLE_IDENTIFIER = com.rae.UnsplashTests;
				PRODUCT_NAME = "$(TARGET_NAME)";
				SDKROOT = auto;
				SUPPORTED_PLATFORMS = "iphoneos iphonesimulator macosx";
				SWIFT_EMIT_LOC_STRINGS = NO;
				SWIFT_VERSION = 5.0;
				TARGETED_DEVICE_FAMILY = "1,2";
				TEST_HOST = "$(BUILT_PRODUCTS_DIR)/Unsplash.app/$(BUNDLE_EXECUTABLE_FOLDER_PATH)/Unsplash";
			};
			name = Debug;
		};
		01C0C9C628DC443600D655BD /* Release */ = {
			isa = XCBuildConfiguration;
			buildSettings = {
				BUNDLE_LOADER = "$(TEST_HOST)";
				CLANG_CXX_LANGUAGE_STANDARD = "gnu++20";
				CODE_SIGN_STYLE = Automatic;
				CURRENT_PROJECT_VERSION = 1;
				DEVELOPMENT_TEAM = WB3J5J4ZWS;
				GENERATE_INFOPLIST_FILE = YES;
				IPHONEOS_DEPLOYMENT_TARGET = 16.0;
				MACOSX_DEPLOYMENT_TARGET = 12.3;
				MARKETING_VERSION = 1.0;
				PRODUCT_BUNDLE_IDENTIFIER = com.rae.UnsplashTests;
				PRODUCT_NAME = "$(TARGET_NAME)";
				SDKROOT = auto;
				SUPPORTED_PLATFORMS = "iphoneos iphonesimulator macosx";
				SWIFT_EMIT_LOC_STRINGS = NO;
				SWIFT_VERSION = 5.0;
				TARGETED_DEVICE_FAMILY = "1,2";
				TEST_HOST = "$(BUILT_PRODUCTS_DIR)/Unsplash.app/$(BUNDLE_EXECUTABLE_FOLDER_PATH)/Unsplash";
			};
			name = Release;
		};
		01D9D2D1281F71C700E308D4 /* Debug */ = {
			isa = XCBuildConfiguration;
			buildSettings = {
				ALWAYS_SEARCH_USER_PATHS = NO;
				CLANG_ANALYZER_NONNULL = YES;
				CLANG_ANALYZER_NUMBER_OBJECT_CONVERSION = YES_AGGRESSIVE;
				CLANG_CXX_LANGUAGE_STANDARD = "gnu++17";
				CLANG_ENABLE_MODULES = YES;
				CLANG_ENABLE_OBJC_ARC = YES;
				CLANG_ENABLE_OBJC_WEAK = YES;
				CLANG_WARN_BLOCK_CAPTURE_AUTORELEASING = YES;
				CLANG_WARN_BOOL_CONVERSION = YES;
				CLANG_WARN_COMMA = YES;
				CLANG_WARN_CONSTANT_CONVERSION = YES;
				CLANG_WARN_DEPRECATED_OBJC_IMPLEMENTATIONS = YES;
				CLANG_WARN_DIRECT_OBJC_ISA_USAGE = YES_ERROR;
				CLANG_WARN_DOCUMENTATION_COMMENTS = YES;
				CLANG_WARN_EMPTY_BODY = YES;
				CLANG_WARN_ENUM_CONVERSION = YES;
				CLANG_WARN_INFINITE_RECURSION = YES;
				CLANG_WARN_INT_CONVERSION = YES;
				CLANG_WARN_NON_LITERAL_NULL_CONVERSION = YES;
				CLANG_WARN_OBJC_IMPLICIT_RETAIN_SELF = YES;
				CLANG_WARN_OBJC_LITERAL_CONVERSION = YES;
				CLANG_WARN_OBJC_ROOT_CLASS = YES_ERROR;
				CLANG_WARN_QUOTED_INCLUDE_IN_FRAMEWORK_HEADER = YES;
				CLANG_WARN_RANGE_LOOP_ANALYSIS = YES;
				CLANG_WARN_STRICT_PROTOTYPES = YES;
				CLANG_WARN_SUSPICIOUS_MOVE = YES;
				CLANG_WARN_UNGUARDED_AVAILABILITY = YES_AGGRESSIVE;
				CLANG_WARN_UNREACHABLE_CODE = YES;
				CLANG_WARN__DUPLICATE_METHOD_MATCH = YES;
				COPY_PHASE_STRIP = NO;
				DEBUG_INFORMATION_FORMAT = dwarf;
				ENABLE_STRICT_OBJC_MSGSEND = YES;
				ENABLE_TESTABILITY = YES;
				GCC_C_LANGUAGE_STANDARD = gnu11;
				GCC_DYNAMIC_NO_PIC = NO;
				GCC_NO_COMMON_BLOCKS = YES;
				GCC_OPTIMIZATION_LEVEL = 0;
				GCC_PREPROCESSOR_DEFINITIONS = (
					"DEBUG=1",
					"$(inherited)",
				);
				GCC_WARN_64_TO_32_BIT_CONVERSION = YES;
				GCC_WARN_ABOUT_RETURN_TYPE = YES_ERROR;
				GCC_WARN_UNDECLARED_SELECTOR = YES;
				GCC_WARN_UNINITIALIZED_AUTOS = YES_AGGRESSIVE;
				GCC_WARN_UNUSED_FUNCTION = YES;
				GCC_WARN_UNUSED_VARIABLE = YES;
				IPHONEOS_DEPLOYMENT_TARGET = 13.0;
				MTL_ENABLE_DEBUG_INFO = INCLUDE_SOURCE;
				MTL_FAST_MATH = YES;
				ONLY_ACTIVE_ARCH = YES;
				SDKROOT = iphoneos;
				SWIFT_ACTIVE_COMPILATION_CONDITIONS = DEBUG;
				SWIFT_OPTIMIZATION_LEVEL = "-Onone";
			};
			name = Debug;
		};
		01D9D2D2281F71C700E308D4 /* Release */ = {
			isa = XCBuildConfiguration;
			buildSettings = {
				ALWAYS_SEARCH_USER_PATHS = NO;
				CLANG_ANALYZER_NONNULL = YES;
				CLANG_ANALYZER_NUMBER_OBJECT_CONVERSION = YES_AGGRESSIVE;
				CLANG_CXX_LANGUAGE_STANDARD = "gnu++17";
				CLANG_ENABLE_MODULES = YES;
				CLANG_ENABLE_OBJC_ARC = YES;
				CLANG_ENABLE_OBJC_WEAK = YES;
				CLANG_WARN_BLOCK_CAPTURE_AUTORELEASING = YES;
				CLANG_WARN_BOOL_CONVERSION = YES;
				CLANG_WARN_COMMA = YES;
				CLANG_WARN_CONSTANT_CONVERSION = YES;
				CLANG_WARN_DEPRECATED_OBJC_IMPLEMENTATIONS = YES;
				CLANG_WARN_DIRECT_OBJC_ISA_USAGE = YES_ERROR;
				CLANG_WARN_DOCUMENTATION_COMMENTS = YES;
				CLANG_WARN_EMPTY_BODY = YES;
				CLANG_WARN_ENUM_CONVERSION = YES;
				CLANG_WARN_INFINITE_RECURSION = YES;
				CLANG_WARN_INT_CONVERSION = YES;
				CLANG_WARN_NON_LITERAL_NULL_CONVERSION = YES;
				CLANG_WARN_OBJC_IMPLICIT_RETAIN_SELF = YES;
				CLANG_WARN_OBJC_LITERAL_CONVERSION = YES;
				CLANG_WARN_OBJC_ROOT_CLASS = YES_ERROR;
				CLANG_WARN_QUOTED_INCLUDE_IN_FRAMEWORK_HEADER = YES;
				CLANG_WARN_RANGE_LOOP_ANALYSIS = YES;
				CLANG_WARN_STRICT_PROTOTYPES = YES;
				CLANG_WARN_SUSPICIOUS_MOVE = YES;
				CLANG_WARN_UNGUARDED_AVAILABILITY = YES_AGGRESSIVE;
				CLANG_WARN_UNREACHABLE_CODE = YES;
				CLANG_WARN__DUPLICATE_METHOD_MATCH = YES;
				COPY_PHASE_STRIP = NO;
				DEBUG_INFORMATION_FORMAT = "dwarf-with-dsym";
				ENABLE_NS_ASSERTIONS = NO;
				ENABLE_STRICT_OBJC_MSGSEND = YES;
				GCC_C_LANGUAGE_STANDARD = gnu11;
				GCC_NO_COMMON_BLOCKS = YES;
				GCC_WARN_64_TO_32_BIT_CONVERSION = YES;
				GCC_WARN_ABOUT_RETURN_TYPE = YES_ERROR;
				GCC_WARN_UNDECLARED_SELECTOR = YES;
				GCC_WARN_UNINITIALIZED_AUTOS = YES_AGGRESSIVE;
				GCC_WARN_UNUSED_FUNCTION = YES;
				GCC_WARN_UNUSED_VARIABLE = YES;
				IPHONEOS_DEPLOYMENT_TARGET = 13.0;
				MTL_ENABLE_DEBUG_INFO = NO;
				MTL_FAST_MATH = YES;
				SDKROOT = iphoneos;
				SWIFT_COMPILATION_MODE = wholemodule;
				SWIFT_OPTIMIZATION_LEVEL = "-O";
				VALIDATE_PRODUCT = YES;
			};
			name = Release;
		};
		01D9D2D4281F71C700E308D4 /* Debug */ = {
			isa = XCBuildConfiguration;
			buildSettings = {
				ASSETCATALOG_COMPILER_APPICON_NAME = AppIcon;
				ASSETCATALOG_COMPILER_GLOBAL_ACCENT_COLOR_NAME = AccentColor;
				CODE_SIGN_STYLE = Automatic;
				CURRENT_PROJECT_VERSION = 1;
				DEVELOPMENT_TEAM = WB3J5J4ZWS;
				GENERATE_INFOPLIST_FILE = YES;
				INFOPLIST_FILE = Unsplash/Resource/Info.plist;
				INFOPLIST_KEY_UIApplicationSupportsIndirectInputEvents = YES;
				INFOPLIST_KEY_UILaunchStoryboardName = LaunchScreen;
				INFOPLIST_KEY_UISupportedInterfaceOrientations = UIInterfaceOrientationPortrait;
				INFOPLIST_KEY_UISupportedInterfaceOrientations_iPad = "UIInterfaceOrientationPortrait UIInterfaceOrientationPortraitUpsideDown UIInterfaceOrientationLandscapeLeft UIInterfaceOrientationLandscapeRight";
				INFOPLIST_KEY_UISupportedInterfaceOrientations_iPhone = "UIInterfaceOrientationPortrait UIInterfaceOrientationLandscapeLeft UIInterfaceOrientationLandscapeRight";
				IPHONEOS_DEPLOYMENT_TARGET = 13.0;
				LD_RUNPATH_SEARCH_PATHS = (
					"$(inherited)",
					"@executable_path/Frameworks",
				);
				MARKETING_VERSION = 1.0;
				PRODUCT_BUNDLE_IDENTIFIER = com.rae.Unsplash;
				PRODUCT_NAME = "$(TARGET_NAME)";
				SWIFT_EMIT_LOC_STRINGS = YES;
				SWIFT_VERSION = 5.0;
				TARGETED_DEVICE_FAMILY = 1;
			};
			name = Debug;
		};
		01D9D2D5281F71C700E308D4 /* Release */ = {
			isa = XCBuildConfiguration;
			buildSettings = {
				ASSETCATALOG_COMPILER_APPICON_NAME = AppIcon;
				ASSETCATALOG_COMPILER_GLOBAL_ACCENT_COLOR_NAME = AccentColor;
				CODE_SIGN_STYLE = Automatic;
				CURRENT_PROJECT_VERSION = 1;
				DEVELOPMENT_TEAM = WB3J5J4ZWS;
				GENERATE_INFOPLIST_FILE = YES;
				INFOPLIST_FILE = Unsplash/Resource/Info.plist;
				INFOPLIST_KEY_UIApplicationSupportsIndirectInputEvents = YES;
				INFOPLIST_KEY_UILaunchStoryboardName = LaunchScreen;
				INFOPLIST_KEY_UISupportedInterfaceOrientations = UIInterfaceOrientationPortrait;
				INFOPLIST_KEY_UISupportedInterfaceOrientations_iPad = "UIInterfaceOrientationPortrait UIInterfaceOrientationPortraitUpsideDown UIInterfaceOrientationLandscapeLeft UIInterfaceOrientationLandscapeRight";
				INFOPLIST_KEY_UISupportedInterfaceOrientations_iPhone = "UIInterfaceOrientationPortrait UIInterfaceOrientationLandscapeLeft UIInterfaceOrientationLandscapeRight";
				IPHONEOS_DEPLOYMENT_TARGET = 13.0;
				LD_RUNPATH_SEARCH_PATHS = (
					"$(inherited)",
					"@executable_path/Frameworks",
				);
				MARKETING_VERSION = 1.0;
				PRODUCT_BUNDLE_IDENTIFIER = com.rae.Unsplash;
				PRODUCT_NAME = "$(TARGET_NAME)";
				SWIFT_EMIT_LOC_STRINGS = YES;
				SWIFT_VERSION = 5.0;
				TARGETED_DEVICE_FAMILY = 1;
			};
			name = Release;
		};
/* End XCBuildConfiguration section */

/* Begin XCConfigurationList section */
		01C0C9C428DC443600D655BD /* Build configuration list for PBXNativeTarget "UnsplashTests" */ = {
			isa = XCConfigurationList;
			buildConfigurations = (
				01C0C9C528DC443600D655BD /* Debug */,
				01C0C9C628DC443600D655BD /* Release */,
			);
			defaultConfigurationIsVisible = 0;
			defaultConfigurationName = Release;
		};
		01D9D2BA281F71C400E308D4 /* Build configuration list for PBXProject "Unsplash" */ = {
			isa = XCConfigurationList;
			buildConfigurations = (
				01D9D2D1281F71C700E308D4 /* Debug */,
				01D9D2D2281F71C700E308D4 /* Release */,
			);
			defaultConfigurationIsVisible = 0;
			defaultConfigurationName = Release;
		};
		01D9D2D3281F71C700E308D4 /* Build configuration list for PBXNativeTarget "Unsplash" */ = {
			isa = XCConfigurationList;
			buildConfigurations = (
				01D9D2D4281F71C700E308D4 /* Debug */,
				01D9D2D5281F71C700E308D4 /* Release */,
			);
			defaultConfigurationIsVisible = 0;
			defaultConfigurationName = Release;
		};
/* End XCConfigurationList section */
	};
	rootObject = 01D9D2B7281F71C400E308D4 /* Project object */;
}
